{
  "version": 4,
  "terraform_version": "1.6.1",
  "serial": 2283,
  "lineage": "abb9175c-0ab3-0e1b-5d4d-d2e6337603f4",
  "outputs": {},
  "resources": [
    {
      "module": "module.ecs_image",
      "mode": "data",
      "type": "huaweicloud_availability_zones",
      "name": "zones",
      "provider": "provider[\"registry.terraform.io/huaweicloud/huaweicloud\"]",
      "instances": [
        {
          "schema_version": 0,
          "attributes": {
            "id": "1504035816",
            "names": [
              "la-north-2a",
              "la-north-2c"
            ],
            "region": "la-north-2",
            "state": "available"
          },
          "sensitive_attributes": []
        }
      ]
    },
    {
      "module": "module.ecs_image",
      "mode": "data",
      "type": "huaweicloud_compute_flavors",
      "name": "flavors",
      "provider": "provider[\"registry.terraform.io/huaweicloud/huaweicloud\"]",
      "instances": [
        {
          "schema_version": 0,
          "attributes": {
            "availability_zone": "la-north-2a",
            "cpu_core_count": 1,
            "generation": "s6",
            "id": "1777941028",
            "ids": [
              "s6.medium.2",
              "t6.medium.2"
            ],
            "memory_size": 2,
            "performance_type": null,
            "region": "la-north-2"
          },
          "sensitive_attributes": []
        }
      ]
    },
    {
      "module": "module.ecs_image",
      "mode": "data",
      "type": "huaweicloud_compute_instances",
      "name": "ecs_instances",
      "provider": "provider[\"registry.terraform.io/huaweicloud/huaweicloud\"]",
      "instances": [
        {
          "schema_version": 0,
          "attributes": {
            "availability_zone": null,
            "enterprise_project_id": null,
            "flavor_id": null,
            "flavor_name": null,
            "id": "878669259",
            "image_id": null,
            "instances": [
              {
                "availability_zone": "la-north-2a",
                "enterprise_project_id": "0",
                "flavor_id": "s6.large.2",
                "flavor_name": "s6.large.2",
                "id": "0e6b5d01-136a-428a-94e7-ced850784d8e",
                "image_id": "67c29d17-33bd-43f0-a17b-ed2015798bb8",
                "key_pair": "",
                "name": "ecs-ecommerce",
                "scheduler_hints": [],
                "security_group_ids": [
                  "f4ad15a9-c2cc-4285-801a-8abd2f996b6a"
                ],
                "status": "ACTIVE",
                "tags": {},
                "user_data": "IyEvYmluL2Jhc2gKZWNobyAncm9vdDokNiRwNm5YQWZtMSRtWWtJdUllSXZxVXhlcjZSeXNScG9rb2k3OFZPTjM2MlI1WnFtc2FpTUJiTzBRSDZtTk5Nd29ZY3p5dG0waXUuUnc2Z3JIa0plRmtkT0xDQ1NNL2djMCcgfCBjaHBhc3N3ZCAtZTs=",
                "volume_attached": [
                  {
                    "is_sys_volume": true,
                    "volume_id": "964b049a-358b-4872-8039-5a7d5b208f6c"
                  }
                ]
              },
              {
                "availability_zone": "la-north-2a",
                "enterprise_project_id": "0",
                "flavor_id": "s6.xlarge.2",
                "flavor_name": "s6.xlarge.2",
                "id": "94d19d26-6afa-4cc2-a3ad-fa23e10ec969",
                "image_id": "67c29d17-33bd-43f0-a17b-ed2015798bb8",
                "key_pair": "",
                "name": "ecs-mex-2",
                "scheduler_hints": [],
                "security_group_ids": [
                  "f4ad15a9-c2cc-4285-801a-8abd2f996b6a"
                ],
                "status": "ACTIVE",
                "tags": {},
                "user_data": "IyEvYmluL2Jhc2gKZWNobyAncm9vdDokNiRXTE1PRnhHZyRBSU5ENDFqSVExcWRYc3pqb3pFdWtSWDB4dkNuMzBUZEZRclhhdVA1aTRqUjh0Um9veTc0QXhzaHkvNG8yNFJSVjEvSTB5c0U4bi5SSjdOWHhNZUZhLicgfCBjaHBhc3N3ZCAtZTs=",
                "volume_attached": [
                  {
                    "is_sys_volume": true,
                    "volume_id": "624f63b3-757e-4fc6-8626-242c70d8d3da"
                  }
                ]
              }
            ],
            "key_pair": null,
            "name": null,
            "region": "la-north-2",
            "status": null
          },
          "sensitive_attributes": []
        }
      ]
    },
    {
      "module": "module.ecs_image",
      "mode": "data",
      "type": "huaweicloud_images_image",
      "name": "ecs_image",
      "provider": "provider[\"registry.terraform.io/huaweicloud/huaweicloud\"]",
      "instances": [
        {
          "schema_version": 0,
          "attributes": {
            "architecture": null,
            "checksum": "d41d8cd98f00b204e9800998ecf8427e",
            "container_format": "bare",
            "created_at": "2021-03-27T06:19:25Z",
            "disk_format": "zvhd2",
            "enterprise_project_id": "",
            "file": "/v2/images/f851ccbe-1374-4d76-a395-bc9daa4867f0/file",
            "id": "f851ccbe-1374-4d76-a395-bc9daa4867f0",
            "image_type": "FusionCompute",
            "metadata": null,
            "min_disk_gb": 40,
            "min_ram_mb": 1024,
            "most_recent": true,
            "name": "Debian 10.0.0 64bit",
            "name_regex": null,
            "os": "Debian",
            "os_version": "Debian GNU/Linux 10.0.0 64bit",
            "owner": "0bd851b3d400f4c42f24c000afc72098",
            "protected": true,
            "region": null,
            "schema": "/v2/schemas/image",
            "size_bytes": 1301749760,
            "size_max": null,
            "size_min": null,
            "sort_direction": "asc",
            "sort_key": "name",
            "status": "active",
            "tag": null,
            "updated_at": "2023-08-23T07:08:12Z",
            "visibility": "public"
          },
          "sensitive_attributes": []
        }
      ]
    },
    {
      "module": "module.ecs_image",
      "mode": "data",
      "type": "huaweicloud_networking_secgroup",
      "name": "securitygroup",
      "provider": "provider[\"registry.terraform.io/huaweicloud/huaweicloud\"]",
      "instances": [
        {
          "schema_version": 0,
          "attributes": {
            "created_at": "2023-10-13T00:20:01Z",
            "description": "iaac-production security group",
            "enterprise_project_id": null,
            "id": "e2e2a39e-f3e2-460a-9ec5-e3d41c3c0986",
            "name": "iaac-production-sg",
            "region": "la-north-2",
            "rules": [
              {
                "action": "allow",
                "description": "Access Webserver HTTPs from Internet",
                "direction": "ingress",
                "ethertype": "IPv4",
                "id": "01d53391-de3b-4292-9822-16ea3e53391b",
                "port_range_max": 443,
                "port_range_min": 443,
                "ports": "443",
                "priority": 1,
                "protocol": "tcp",
                "remote_address_group_id": "",
                "remote_group_id": "",
                "remote_ip_prefix": "0.0.0.0/0"
              },
              {
                "action": "allow",
                "description": "SSH Remotely Login from Internet for Linux",
                "direction": "ingress",
                "ethertype": "IPv4",
                "id": "57232986-34c3-4a7c-bd85-19c9cffa78a1",
                "port_range_max": 22,
                "port_range_min": 22,
                "ports": "22",
                "priority": 1,
                "protocol": "tcp",
                "remote_address_group_id": "",
                "remote_group_id": "",
                "remote_ip_prefix": "0.0.0.0/0"
              },
              {
                "action": "allow",
                "description": "Access RDS from the VPC CIDR",
                "direction": "ingress",
                "ethertype": "IPv4",
                "id": "67ecd174-3630-4cc5-9af7-f15641dc556b",
                "port_range_max": 3306,
                "port_range_min": 3306,
                "ports": "3306",
                "priority": 1,
                "protocol": "tcp",
                "remote_address_group_id": "",
                "remote_group_id": "",
                "remote_ip_prefix": "10.10.0.0/16"
              },
              {
                "action": "allow",
                "description": "Access VPC from the VPC CIDR",
                "direction": "ingress",
                "ethertype": "IPv4",
                "id": "68a6f06f-682f-4217-8e69-53ceb497d630",
                "port_range_max": 6379,
                "port_range_min": 6379,
                "ports": "6379",
                "priority": 1,
                "protocol": "tcp",
                "remote_address_group_id": "",
                "remote_group_id": "",
                "remote_ip_prefix": "10.10.0.0/16"
              },
              {
                "action": "allow",
                "description": "Access Webserver HTTP from Internet",
                "direction": "ingress",
                "ethertype": "IPv4",
                "id": "6e21e549-a441-4f6a-822a-2973989d06e4",
                "port_range_max": 80,
                "port_range_min": 80,
                "ports": "80",
                "priority": 1,
                "protocol": "tcp",
                "remote_address_group_id": "",
                "remote_group_id": "",
                "remote_ip_prefix": "0.0.0.0/0"
              },
              {
                "action": "allow",
                "description": "",
                "direction": "egress",
                "ethertype": "IPv4",
                "id": "9e18f357-5093-4938-9957-2ab3bd488a1b",
                "port_range_max": 0,
                "port_range_min": 0,
                "ports": "",
                "priority": 1,
                "protocol": "",
                "remote_address_group_id": "",
                "remote_group_id": "",
                "remote_ip_prefix": "0.0.0.0/0"
              },
              {
                "action": "allow",
                "description": "RDP Remotely Login from Internet for Windows",
                "direction": "ingress",
                "ethertype": "IPv4",
                "id": "d453d008-a899-4005-a0a5-135afc541899",
                "port_range_max": 3389,
                "port_range_min": 3389,
                "ports": "3389",
                "priority": 1,
                "protocol": "tcp",
                "remote_address_group_id": "",
                "remote_group_id": "",
                "remote_ip_prefix": "0.0.0.0/0"
              },
              {
                "action": "allow",
                "description": "Access node webpage from Internet",
                "direction": "ingress",
                "ethertype": "IPv4",
                "id": "f6490de6-da51-4bfe-a20d-cacdd49ca00e",
                "port_range_max": 3000,
                "port_range_min": 3000,
                "ports": "3000",
                "priority": 1,
                "protocol": "tcp",
                "remote_address_group_id": "",
                "remote_group_id": "",
                "remote_ip_prefix": "0.0.0.0/0"
              },
              {
                "action": "allow",
                "description": "DO NOT DELETE. For ELB Health Checking.",
                "direction": "ingress",
                "ethertype": "IPv4",
                "id": "fe87f5f0-0257-49eb-918c-668d3e22e36d",
                "port_range_max": 0,
                "port_range_min": 0,
                "ports": "",
                "priority": 1,
                "protocol": "",
                "remote_address_group_id": "",
                "remote_group_id": "",
                "remote_ip_prefix": "100.125.0.0/16"
              }
            ],
            "secgroup_id": null,
            "updated_at": "2023-10-13T00:20:01Z"
          },
          "sensitive_attributes": []
        }
      ]
    },
    {
      "module": "module.ecs_image",
      "mode": "data",
      "type": "huaweicloud_vpc_subnet",
      "name": "subnet",
      "provider": "provider[\"registry.terraform.io/huaweicloud/huaweicloud\"]",
      "instances": [
        {
          "schema_version": 0,
          "attributes": {
            "availability_zone": "",
            "cidr": "10.10.1.0/24",
            "description": "",
            "dhcp_enable": true,
            "dns_list": [
              "100.125.1.242",
              "100.125.1.250"
            ],
            "gateway_ip": "10.10.1.1",
            "id": "a1788a12-d676-4790-876d-d0f8636c44e5",
            "ipv6_cidr": "",
            "ipv6_enable": false,
            "ipv6_gateway": "",
            "ipv6_subnet_id": "",
            "name": "subnet_iaac",
            "primary_dns": "100.125.1.250",
            "region": "la-north-2",
            "secondary_dns": "100.125.1.242",
            "status": "ACTIVE",
            "subnet_id": "da7effc6-f411-4280-87fe-8f9fe65d8c59",
            "vpc_id": "16c4f6a6-7030-4118-994b-58b76f3b4d69"
          },
          "sensitive_attributes": []
        }
      ]
    },
    {
      "module": "module.ecs_image",
      "mode": "managed",
      "type": "huaweicloud_compute_instance",
      "name": "ecs_generic_instance",
      "provider": "provider[\"registry.terraform.io/huaweicloud/huaweicloud\"]",
      "instances": [
        {
          "schema_version": 0,
          "attributes": {
            "access_ip_v4": "10.10.1.150",
            "access_ip_v6": "",
            "admin_pass": null,
            "agency_name": "",
            "agent_list": "",
            "auto_pay": null,
            "auto_renew": null,
            "availability_zone": "la-north-2a",
            "bandwidth": [],
            "block_device": [],
            "charging_mode": "postPaid",
            "data_disks": [],
            "delete_disks_on_termination": true,
            "delete_eip_on_termination": true,
            "eip_id": null,
            "eip_type": null,
            "enterprise_project_id": "0",
            "flavor_id": "s6.medium.2",
            "flavor_name": "s6.medium.2",
            "id": "152c0c56-8e1a-4164-9714-071ea8a6c2a2",
            "image_id": "f851ccbe-1374-4d76-a395-bc9daa4867f0",
            "image_name": "Debian 10.0.0 64bit",
            "key_pair": "la-north-2-keypair",
            "metadata": null,
            "name": "iaac-production-ecs",
            "network": [
              {
                "access_network": false,
                "fixed_ip_v4": "10.10.1.150",
                "fixed_ip_v6": "",
                "ipv6_enable": false,
                "mac": "fa:16:3e:73:6a:ff",
                "port": "91cbc6a3-13f6-419f-a04f-32b427b49854",
                "source_dest_check": true,
                "uuid": "a1788a12-d676-4790-876d-d0f8636c44e5"
              }
            ],
            "period": null,
            "period_unit": null,
            "power_action": null,
            "public_ip": null,
            "region": "la-north-2",
            "scheduler_hints": [],
            "security_group_ids": [
              "e2e2a39e-f3e2-460a-9ec5-e3d41c3c0986"
            ],
            "security_groups": [
              "iaac-production-sg"
            ],
            "status": "ACTIVE",
            "stop_before_destroy": false,
            "system_disk_id": "dbd23d0a-98f7-49a1-bed5-24c696a32dc4",
            "system_disk_size": 40,
            "system_disk_type": "GPSSD",
            "tags": null,
            "timeouts": null,
            "user_data": "9c4241f3c8c4f50c66ea80aad9d75fd005a5e7a1",
            "user_id": null,
            "volume_attached": [
              {
                "boot_index": 0,
                "pci_address": "0000:02:01.0",
                "size": 40,
                "type": "GPSSD",
                "volume_id": "dbd23d0a-98f7-49a1-bed5-24c696a32dc4"
              }
            ]
          },
          "sensitive_attributes": [],
          "private": "eyJlMmJmYjczMC1lY2FhLTExZTYtOGY4OC0zNDM2M2JjN2M0YzAiOnsiY3JlYXRlIjoxODAwMDAwMDAwMDAwLCJkZWxldGUiOjE4MDAwMDAwMDAwMDAsInVwZGF0ZSI6MTgwMDAwMDAwMDAwMH19",
          "dependencies": [
            "module.ecs_image.data.huaweicloud_compute_flavors.flavors",
            "module.ecs_image.data.huaweicloud_images_image.ecs_image",
            "module.ecs_image.data.huaweicloud_networking_secgroup.securitygroup",
            "module.ecs_image.data.huaweicloud_vpc_subnet.subnet",
            "module.ecs_image.huaweicloud_compute_keypair.keypair",
            "module.vpc.huaweicloud_networking_secgroup.securitygroup",
            "module.vpc.huaweicloud_networking_secgroup_rule.allow_rules_egress",
            "module.vpc.huaweicloud_networking_secgroup_rule.allow_rules_ingress_elb",
            "module.vpc.huaweicloud_networking_secgroup_rule.allow_rules_ingress_main",
            "module.vpc.huaweicloud_vpc.vpc",
            "module.vpc.huaweicloud_vpc_subnet.subnet"
          ]
        }
      ]
    },
    {
      "module": "module.ecs_image",
      "mode": "managed",
      "type": "huaweicloud_compute_keypair",
      "name": "keypair",
      "provider": "provider[\"registry.terraform.io/huaweicloud/huaweicloud\"]",
      "instances": [
        {
          "schema_version": 0,
          "attributes": {
            "id": "la-north-2-keypair",
            "key_file": null,
            "name": "la-north-2-keypair",
            "public_key": "ssh-rsa AAAAB3NzaC1yc2EAAAADAQABAAABgQC4Vki3nRuWj7dPqu3/A9s+/mgGNv1G5CZ3L4piHoaaAFG0XskjF2lWY7jN8L9avPnmCvWFz4lBFWwZTWPpOmG9eArHMWSPlhfsvx46HX4gPhLTO3sVhGyG8ilMAwzeKnSn5HLu/9A4h8vZBJlQLpJi/tXvQdcvEKGOI6CgvERCUddRwsds0c4+068PV1igHnD5Z8LWAOwjeu0NYiLMDSjQeJ6vJ+n9XJ3n5Mb8Sg/wGmusNzvVkZYFWcmbvkP7/B0hlKPXvj/adizTDy1ocuJkcyfdE7v5K3pLoZQNgsZj9BVS9fli7rMGkV505Gwd99BP+FYBaBkZSN/ubOkGo3I2PL5UclgR5KPiwc2kIt41aAsHfeNsyZtdPJSocKYP8xAkTTe91Dlj5/vHR3Op1BlMCtXGkUAZjTdvt0JoYsxeNT6yvGSLfzt4AOHbBJGGpualNihO8KVBbnF45OBiPVJRqhO5GvljbVgTGdc6wlaLnd5RlKhvN1+l0jMOGn+ffKM= china\\n84147526@N84147526A\r\n",
            "region": "la-north-2"
          },
          "sensitive_attributes": [],
          "private": "bnVsbA==",
          "dependencies": [
            "module.vpc.huaweicloud_networking_secgroup.securitygroup",
            "module.vpc.huaweicloud_networking_secgroup_rule.allow_rules_egress",
            "module.vpc.huaweicloud_networking_secgroup_rule.allow_rules_ingress_elb",
            "module.vpc.huaweicloud_networking_secgroup_rule.allow_rules_ingress_main",
            "module.vpc.huaweicloud_vpc.vpc",
            "module.vpc.huaweicloud_vpc_subnet.subnet"
          ]
        }
      ]
    },
    {
      "module": "module.ecs_image",
      "mode": "managed",
      "type": "huaweicloud_vpc_eip",
      "name": "instance_eip",
      "provider": "provider[\"registry.terraform.io/huaweicloud/huaweicloud\"]",
      "instances": [
        {
          "index_key": 0,
          "schema_version": 0,
          "attributes": {
            "address": "122.8.184.75",
            "auto_pay": null,
            "auto_renew": null,
            "bandwidth": [
              {
                "charge_mode": "traffic",
                "id": "07bc5ee2-ff70-4c2a-a96b-8217fa600c82",
                "name": "iaac",
                "share_type": "PER",
                "size": 50
              }
            ],
            "charging_mode": null,
            "enterprise_project_id": "0",
            "id": "75256785-a79c-4b5a-9c98-b04aacda5372",
            "ipv6_address": "",
            "name": "",
            "period": null,
            "period_unit": null,
            "port_id": "",
            "private_ip": "",
            "publicip": [
              {
                "ip_address": "122.8.184.75",
                "ip_version": 4,
                "port_id": "",
                "type": "5_bgp"
              }
            ],
            "region": "la-north-2",
            "status": "UNBOUND",
            "tags": null,
            "timeouts": null
          },
          "sensitive_attributes": [],
          "private": "eyJlMmJmYjczMC1lY2FhLTExZTYtOGY4OC0zNDM2M2JjN2M0YzAiOnsiY3JlYXRlIjo2MDAwMDAwMDAwMDAsImRlbGV0ZSI6NjAwMDAwMDAwMDAwLCJ1cGRhdGUiOjMwMDAwMDAwMDAwMH19",
          "dependencies": [
            "module.vpc.huaweicloud_networking_secgroup.securitygroup",
            "module.vpc.huaweicloud_networking_secgroup_rule.allow_rules_egress",
            "module.vpc.huaweicloud_networking_secgroup_rule.allow_rules_ingress_elb",
            "module.vpc.huaweicloud_networking_secgroup_rule.allow_rules_ingress_main",
            "module.vpc.huaweicloud_vpc.vpc",
            "module.vpc.huaweicloud_vpc_subnet.subnet"
          ]
        }
      ]
    },
    {
      "module": "module.ecs_image",
      "mode": "managed",
      "type": "huaweicloud_vpc_eip_associate",
      "name": "associated",
      "provider": "provider[\"registry.terraform.io/huaweicloud/huaweicloud\"]",
      "instances": [
        {
          "index_key": 0,
          "schema_version": 0,
          "attributes": {
            "fixed_ip": "10.10.1.150",
            "id": "75256785-a79c-4b5a-9c98-b04aacda5372",
            "mac_address": "fa:16:3e:73:6a:ff",
            "network_id": "a1788a12-d676-4790-876d-d0f8636c44e5",
            "port_id": "91cbc6a3-13f6-419f-a04f-32b427b49854",
            "public_ip": "122.8.184.75",
            "region": "la-north-2",
            "status": "BOUND",
            "timeouts": null
          },
          "sensitive_attributes": [],
          "private": "eyJlMmJmYjczMC1lY2FhLTExZTYtOGY4OC0zNDM2M2JjN2M0YzAiOnsiY3JlYXRlIjozMDAwMDAwMDAwMDAsImRlbGV0ZSI6MzAwMDAwMDAwMDAwfX0=",
          "dependencies": [
            "module.ecs_image.data.huaweicloud_compute_flavors.flavors",
            "module.ecs_image.data.huaweicloud_images_image.ecs_image",
            "module.ecs_image.data.huaweicloud_networking_secgroup.securitygroup",
            "module.ecs_image.data.huaweicloud_vpc_subnet.subnet",
            "module.ecs_image.huaweicloud_compute_instance.ecs_generic_instance",
            "module.ecs_image.huaweicloud_compute_keypair.keypair",
            "module.ecs_image.huaweicloud_vpc_eip.instance_eip",
            "module.vpc.huaweicloud_networking_secgroup.securitygroup",
            "module.vpc.huaweicloud_networking_secgroup_rule.allow_rules_egress",
            "module.vpc.huaweicloud_networking_secgroup_rule.allow_rules_ingress_elb",
            "module.vpc.huaweicloud_networking_secgroup_rule.allow_rules_ingress_main",
            "module.vpc.huaweicloud_vpc.vpc",
            "module.vpc.huaweicloud_vpc_subnet.subnet"
          ]
        }
      ]
    },
    {
      "module": "module.provision_remote_exec_image",
      "mode": "data",
      "type": "huaweicloud_compute_instance",
      "name": "ecs_generic_instance",
      "provider": "provider[\"registry.terraform.io/huaweicloud/huaweicloud\"]",
      "instances": [
        {
          "schema_version": 0,
          "attributes": {
            "availability_zone": "la-north-2a",
            "enterprise_project_id": "0",
            "fixed_ip_v4": null,
            "flavor_id": "s6.medium.2",
            "flavor_name": "s6.medium.2",
            "id": "152c0c56-8e1a-4164-9714-071ea8a6c2a2",
            "image_id": "f851ccbe-1374-4d76-a395-bc9daa4867f0",
            "image_name": "Debian 10.0.0 64bit",
            "key_pair": "la-north-2-keypair",
            "name": "iaac-production-ecs",
            "network": [
              {
                "fixed_ip_v4": "10.10.1.150",
                "fixed_ip_v6": "",
                "mac": "fa:16:3e:73:6a:ff",
                "port": "91cbc6a3-13f6-419f-a04f-32b427b49854",
                "uuid": "a1788a12-d676-4790-876d-d0f8636c44e5"
              }
            ],
            "public_ip": "122.8.184.75",
            "region": "la-north-2",
            "scheduler_hints": [],
            "security_group_ids": [
              "e2e2a39e-f3e2-460a-9ec5-e3d41c3c0986"
            ],
            "security_groups": [
              "iaac-production-sg"
            ],
            "status": "ACTIVE",
            "system_disk_id": "dbd23d0a-98f7-49a1-bed5-24c696a32dc4",
            "tags": null,
            "user_data": "IyEvYmluL2Jhc2gKZWNobyAnIyEvYmluL2Jhc2gKZXhwb3J0IE9VVExPRz0iL3Zhci9sb2cvYXV0by1pbnN0YWxsYXRpb24tbG9nLmxvZyIKZXhwb3J0IERFQklBTl9GUk9OVEVORD1ub25pbnRlcmFjdGl2ZQoKIyMjIyMgU1RBUlQgSUYgIyMjIyMjIyMjIyMjIyMjIyMjIyMjIyMjIyMjIyMjIyMjIyMjIyMjIyMjIyMjIyMjIyMjIyMjIyMjIyMjIyMjIyMjIyMjIyMjIyMjIyMjIyMjIyMjIyMjIyMjIyMjIyMjIyMjIyMjIyMjIyMjIyMjIyMjIyMjIyMjIyMjIyMjIyMjIyMjIyMjIyMjIyMjCmlmIGNhdCAvZXRjLypyZWxlYXNlIHwgZ3JlcCBeUFJFVFRZX05BTUUgfCBncmVwICJEZWJpYW4gR05VL0xpbnV4IDEwIiA+IC9kZXYvbnVsbCA7IHRoZW4KIyMjIyMjIyMgSUYgVEhFIE9TIFZFUlNJT04gSVMgREVCSUFOIDEwLCB0aGVuIGV4ZWN1dGUgdGhlIGZvbGxvd2luZyBjb21tYW5kcy4gIyMjIyMjIyMjIyMjIyMjIyMjIyMjIyMjIyMjIyMjIyMjIyMjIyMjIyMjIyMjIyMjIyMjIyMjIyMjIyMjIyMjIyMjIyMjIyMjIyMjIyMjCmRhdGUgPiAkT1VUTE9HIDI+JjEKCmVjaG8gIiMjIyBVcGRhdGUgJiBVcGdyYWRlIFN0YXJ0ICMjIyIgPj4kT1VUTE9HCmFwdC1nZXQgdXBkYXRlID4+ICRPVVRMT0cgMj4mMQphcHQtZ2V0IC15IHVwZ3JhZGUgPj4gJE9VVExPRyAyPiYxCmVjaG8gIiMjIyBVcGRhdGUgJiBVcGdyYWRlIEVuZCAjIyMiID4+JE9VVExPRwoKCmVjaG8gIiMjIyBub2RlIFN0YXJ0ICMjIyIgPj4kT1VUTE9HCmFwdC1nZXQgLXkgaW5zdGFsbCBub2RlanMgPj4kT1VUTE9HIDI+JjEKYXB0LWdldCAteSBpbnN0YWxsIG5wbSA+PiRPVVRMT0cgMj4mMQplY2hvICIjIyMgbm9kZSBFbmQgIyMjIiA+PiRPVVRMT0cKCmVjaG8gIiMjIyBnaXQgU3RhcnQgIyMjIiA+PiRPVVRMT0cKYXB0LWdldCAteSBpbnN0YWxsIGdpdCA+PiRPVVRMT0cgMj4mMQpnaXQgY2xvbmUgaHR0cHM6Ly9naXRodWIuY29tL0pvYlJhbW9zL2Vjb21tZXJjZV9teXNxbC5naXQKY2QgZWNvbW1lcmNlX215c3FsLwpucG0gaW5zdGFsbCAKCiMgbnBtIHJ1biBkZXYKCmVjaG8gIiMjIyBub2RlIEVuZCAjIyMiID4+JE9VVExPRwoKCgplY2hvICIjIyMgTXlTUUwgQ2xpZW50IFN0YXJ0ICMjIyIgPj4kT1VUTE9HCmFwdCBpbnN0YWxsIGdudXBnID4+JE9VVExPRyAyPiYxCndnZXQgaHR0cHM6Ly9kZXYubXlzcWwuY29tL2dldC9teXNxbC1hcHQtY29uZmlnXzAuOC4yMi0xX2FsbC5kZWIKZHBrZyAtaSBteXNxbC1hcHQtY29uZmlnKgphcHQtZ2V0IHVwZGF0ZSA+PiAkT1VUTE9HIDI+JjEKCmFwdCAteSBpbnN0YWxsIG15c3FsLXNlcnZlcgp5CgoKZWNobyAiIyMjIE15U1FMIENsaWVudCBFbmQgIyMjIiA+PiRPVVRMT0cKCiMjIyMjIE90aGVyd2lzZSwgZXhpdCEgIyMjIyMjIyMjIyMjIyMjIyMjIyMjIyMjIyMjIyMjIyMjIyMjIyMjIyMjIyMjIyMjIyMjIyMjIyMjIyMjIyMjIyMjIyMjIyMjIyMjIyMjIyMjIyMjIyMjIyMjIyMjIyMjIyMjIyMjIyMjIyMjIyMjIyMjIyMjIyMjIyMjIyMjIwplbHNlCiAgICBlY2hvICJQbGVhc2UgdXNlIERlYmlhbiBHTlUvTGludXggMTAgdG8gY3JlYXRlIEVDUy4iCiAgICAgICAgZXhpdCAxOwpmaQojIyMjIyBFTkQgSUYgIyMjIyMjIyMjIyMjIyMjIyMjIyMjIyMjIyMjIyMjIyMjIyMjIyMjIyMjIyMjIyMjIyMjIyMjIyMjIyMjIyMjIyMjIyMjIyMjIyMjIyMjIyMjIyMjIyMjIyMjIyMjIyMjIyMjIyMjIyMjIyMjIyMjIyMjIyMjIyMjIyMjIyMjIyMjIyMjIyMjIyMKCicgPiAvcm9vdC9hdXRvX2luc3RhbGxhdGlvbl9lY3NfY2x1c3Rlci5zaAo=",
            "volume_attached": [
              {
                "boot_index": 0,
                "pci_address": "0000:02:01.0",
                "size": 40,
                "type": "GPSSD",
                "volume_id": "dbd23d0a-98f7-49a1-bed5-24c696a32dc4"
              }
            ]
          },
          "sensitive_attributes": []
        }
      ]
    },
    {
      "module": "module.provision_remote_exec_image",
      "mode": "managed",
      "type": "null_resource",
      "name": "provision",
      "provider": "provider[\"registry.terraform.io/hashicorp/null\"]",
      "instances": [
        {
          "schema_version": 0,
          "attributes": {
            "id": "361073391",
            "triggers": null
          },
          "sensitive_attributes": [],
          "dependencies": [
            "module.ecs_image.data.huaweicloud_availability_zones.zones",
            "module.ecs_image.data.huaweicloud_compute_flavors.flavors",
            "module.ecs_image.data.huaweicloud_compute_instances.ecs_instances",
            "module.ecs_image.data.huaweicloud_images_image.ecs_image",
            "module.ecs_image.data.huaweicloud_networking_secgroup.securitygroup",
            "module.ecs_image.data.huaweicloud_vpc_subnet.subnet",
            "module.ecs_image.huaweicloud_compute_instance.ecs_generic_instance",
            "module.ecs_image.huaweicloud_compute_keypair.keypair",
            "module.ecs_image.huaweicloud_compute_volume_attach.attached",
            "module.ecs_image.huaweicloud_evs_volume.datadisk",
            "module.ecs_image.huaweicloud_vpc_eip.instance_eip",
            "module.ecs_image.huaweicloud_vpc_eip_associate.associated",
            "module.provision_remote_exec_image.data.huaweicloud_compute_instance.ecs_generic_instance",
            "module.vpc.huaweicloud_networking_secgroup.securitygroup",
            "module.vpc.huaweicloud_networking_secgroup_rule.allow_rules_egress",
            "module.vpc.huaweicloud_networking_secgroup_rule.allow_rules_ingress_elb",
            "module.vpc.huaweicloud_networking_secgroup_rule.allow_rules_ingress_main",
            "module.vpc.huaweicloud_vpc.vpc",
            "module.vpc.huaweicloud_vpc_subnet.subnet"
          ]
        }
      ]
    },
    {
      "module": "module.rds_mysql",
      "mode": "data",
      "type": "huaweicloud_availability_zones",
      "name": "zones",
      "provider": "provider[\"registry.terraform.io/huaweicloud/huaweicloud\"]",
      "instances": [
        {
          "schema_version": 0,
          "attributes": {
            "id": "1504035816",
            "names": [
              "la-north-2a",
              "la-north-2c"
            ],
            "region": "la-north-2",
            "state": "available"
          },
          "sensitive_attributes": []
        }
      ]
    },
    {
      "module": "module.rds_mysql",
      "mode": "data",
      "type": "huaweicloud_networking_secgroup",
      "name": "securitygroup",
      "provider": "provider[\"registry.terraform.io/huaweicloud/huaweicloud\"]",
      "instances": [
        {
          "schema_version": 0,
          "attributes": {
            "created_at": "2023-10-13T00:20:01Z",
            "description": "iaac-production security group",
            "enterprise_project_id": null,
            "id": "e2e2a39e-f3e2-460a-9ec5-e3d41c3c0986",
            "name": "iaac-production-sg",
            "region": "la-north-2",
            "rules": [
              {
                "action": "allow",
                "description": "Access Webserver HTTPs from Internet",
                "direction": "ingress",
                "ethertype": "IPv4",
                "id": "01d53391-de3b-4292-9822-16ea3e53391b",
                "port_range_max": 443,
                "port_range_min": 443,
                "ports": "443",
                "priority": 1,
                "protocol": "tcp",
                "remote_address_group_id": "",
                "remote_group_id": "",
                "remote_ip_prefix": "0.0.0.0/0"
              },
              {
                "action": "allow",
                "description": "SSH Remotely Login from Internet for Linux",
                "direction": "ingress",
                "ethertype": "IPv4",
                "id": "57232986-34c3-4a7c-bd85-19c9cffa78a1",
                "port_range_max": 22,
                "port_range_min": 22,
                "ports": "22",
                "priority": 1,
                "protocol": "tcp",
                "remote_address_group_id": "",
                "remote_group_id": "",
                "remote_ip_prefix": "0.0.0.0/0"
              },
              {
                "action": "allow",
                "description": "Access RDS from the VPC CIDR",
                "direction": "ingress",
                "ethertype": "IPv4",
                "id": "67ecd174-3630-4cc5-9af7-f15641dc556b",
                "port_range_max": 3306,
                "port_range_min": 3306,
                "ports": "3306",
                "priority": 1,
                "protocol": "tcp",
                "remote_address_group_id": "",
                "remote_group_id": "",
                "remote_ip_prefix": "10.10.0.0/16"
              },
              {
                "action": "allow",
                "description": "Access VPC from the VPC CIDR",
                "direction": "ingress",
                "ethertype": "IPv4",
                "id": "68a6f06f-682f-4217-8e69-53ceb497d630",
                "port_range_max": 6379,
                "port_range_min": 6379,
                "ports": "6379",
                "priority": 1,
                "protocol": "tcp",
                "remote_address_group_id": "",
                "remote_group_id": "",
                "remote_ip_prefix": "10.10.0.0/16"
              },
              {
                "action": "allow",
                "description": "Access Webserver HTTP from Internet",
                "direction": "ingress",
                "ethertype": "IPv4",
                "id": "6e21e549-a441-4f6a-822a-2973989d06e4",
                "port_range_max": 80,
                "port_range_min": 80,
                "ports": "80",
                "priority": 1,
                "protocol": "tcp",
                "remote_address_group_id": "",
                "remote_group_id": "",
                "remote_ip_prefix": "0.0.0.0/0"
              },
              {
                "action": "allow",
                "description": "",
                "direction": "egress",
                "ethertype": "IPv4",
                "id": "9e18f357-5093-4938-9957-2ab3bd488a1b",
                "port_range_max": 0,
                "port_range_min": 0,
                "ports": "",
                "priority": 1,
                "protocol": "",
                "remote_address_group_id": "",
                "remote_group_id": "",
                "remote_ip_prefix": "0.0.0.0/0"
              },
              {
                "action": "allow",
                "description": "RDP Remotely Login from Internet for Windows",
                "direction": "ingress",
                "ethertype": "IPv4",
                "id": "d453d008-a899-4005-a0a5-135afc541899",
                "port_range_max": 3389,
                "port_range_min": 3389,
                "ports": "3389",
                "priority": 1,
                "protocol": "tcp",
                "remote_address_group_id": "",
                "remote_group_id": "",
                "remote_ip_prefix": "0.0.0.0/0"
              },
              {
                "action": "allow",
                "description": "Access node webpage from Internet",
                "direction": "ingress",
                "ethertype": "IPv4",
                "id": "f6490de6-da51-4bfe-a20d-cacdd49ca00e",
                "port_range_max": 3000,
                "port_range_min": 3000,
                "ports": "3000",
                "priority": 1,
                "protocol": "tcp",
                "remote_address_group_id": "",
                "remote_group_id": "",
                "remote_ip_prefix": "0.0.0.0/0"
              },
              {
                "action": "allow",
                "description": "DO NOT DELETE. For ELB Health Checking.",
                "direction": "ingress",
                "ethertype": "IPv4",
                "id": "fe87f5f0-0257-49eb-918c-668d3e22e36d",
                "port_range_max": 0,
                "port_range_min": 0,
                "ports": "",
                "priority": 1,
                "protocol": "",
                "remote_address_group_id": "",
                "remote_group_id": "",
                "remote_ip_prefix": "100.125.0.0/16"
              }
            ],
            "secgroup_id": null,
            "updated_at": "2023-10-13T00:20:01Z"
          },
          "sensitive_attributes": []
        }
      ]
    },
    {
      "module": "module.rds_mysql",
      "mode": "data",
      "type": "huaweicloud_rds_flavors",
      "name": "flavor",
      "provider": "provider[\"registry.terraform.io/huaweicloud/huaweicloud\"]",
      "instances": [
        {
          "schema_version": 0,
          "attributes": {
            "availability_zone": null,
            "db_type": "MySQL",
            "db_version": "8.0",
            "flavors": [
              {
                "availability_zones": [
                  "la-north-2a",
                  "la-north-2c"
                ],
                "db_versions": [
                  "8.0"
                ],
                "group_type": "dedicated",
                "id": "5969ead5-118b-3ddb-8bc5-4ac9f8618ec9",
                "instance_mode": "ha",
                "memory": 8,
                "mode": "ha",
                "name": "rds.mysql.x1.large.4.ha",
                "vcpus": 2
              }
            ],
            "group_type": "dedicated",
            "id": "285663107",
            "instance_mode": "ha",
            "memory": 8,
            "region": null,
            "vcpus": 2
          },
          "sensitive_attributes": []
        }
      ]
    },
    {
      "module": "module.rds_mysql",
      "mode": "data",
      "type": "huaweicloud_vpc",
      "name": "vpc",
      "provider": "provider[\"registry.terraform.io/huaweicloud/huaweicloud\"]",
      "instances": [
        {
          "schema_version": 0,
          "attributes": {
            "cidr": "10.10.0.0/16",
            "description": "",
            "enterprise_project_id": "0",
            "id": "16c4f6a6-7030-4118-994b-58b76f3b4d69",
            "name": "vpc_iaac",
            "region": "la-north-2",
            "routes": [],
            "status": "OK",
            "tags": {}
          },
          "sensitive_attributes": []
        }
      ]
    },
    {
      "module": "module.rds_mysql",
      "mode": "data",
      "type": "huaweicloud_vpc_subnet",
      "name": "subnet",
      "provider": "provider[\"registry.terraform.io/huaweicloud/huaweicloud\"]",
      "instances": [
        {
          "schema_version": 0,
          "attributes": {
            "availability_zone": "",
            "cidr": "10.10.1.0/24",
            "description": "",
            "dhcp_enable": true,
            "dns_list": [
              "100.125.1.242",
              "100.125.1.250"
            ],
            "gateway_ip": "10.10.1.1",
            "id": "a1788a12-d676-4790-876d-d0f8636c44e5",
            "ipv6_cidr": "",
            "ipv6_enable": false,
            "ipv6_gateway": "",
            "ipv6_subnet_id": "",
            "name": "subnet_iaac",
            "primary_dns": "100.125.1.250",
            "region": "la-north-2",
            "secondary_dns": "100.125.1.242",
            "status": "ACTIVE",
            "subnet_id": "da7effc6-f411-4280-87fe-8f9fe65d8c59",
            "vpc_id": "16c4f6a6-7030-4118-994b-58b76f3b4d69"
          },
          "sensitive_attributes": []
        }
      ]
    },
    {
      "module": "module.rds_mysql",
      "mode": "managed",
      "type": "huaweicloud_rds_instance",
      "name": "rds_instance_dualazs",
      "provider": "provider[\"registry.terraform.io/huaweicloud/huaweicloud\"]",
      "instances": [
        {
          "index_key": 0,
          "schema_version": 0,
          "attributes": {
            "auto_pay": null,
            "auto_renew": null,
            "availability_zone": [
              "la-north-2a",
              "la-north-2c"
            ],
            "backup_strategy": [
              {
                "keep_days": 180,
                "start_time": "05:15-06:15"
              }
            ],
            "charging_mode": "postPaid",
            "created": "2023-10-13T00:25:58+0000",
            "db": [
              {
                "password": "Huawei123+",
                "port": 3306,
                "type": "MySQL",
                "user_name": "root",
                "version": "8.0"
              }
            ],
            "enterprise_project_id": "0",
            "fixed_ip": "10.10.1.219",
            "flavor": "rds.mysql.x1.large.4.ha",
            "ha_replication_mode": "async",
            "id": "a015db8f3e5e4a65968beda53c4e2113in01",
            "name": "iaac-production-rds",
            "nodes": [
              {
                "availability_zone": "la-north-2a",
                "id": "0eaa95eb19cd4582a99d1ccb045d4490no01",
                "name": "iaac-production-rds_node0",
                "role": "master",
                "status": "ACTIVE"
              },
              {
                "availability_zone": "la-north-2c",
                "id": "8a983fad203e447094d0bfe6347c00c4no01",
                "name": "iaac-production-rds_node1",
                "role": "slave",
                "status": "ACTIVE"
              }
            ],
            "param_group_id": "6dcc760eb15248ada938ba88144f666apr01",
            "period": null,
            "period_unit": null,
            "private_ips": [
              "10.10.1.219"
            ],
            "public_ips": [],
            "region": "la-north-2",
            "security_group_id": "e2e2a39e-f3e2-460a-9ec5-e3d41c3c0986",
            "ssl_enable": null,
            "status": "ACTIVE",
            "subnet_id": "a1788a12-d676-4790-876d-d0f8636c44e5",
            "tags": null,
            "time_zone": "UTC-05:00",
            "timeouts": null,
            "volume": [
              {
                "disk_encryption_id": "",
                "size": 100,
                "type": "CLOUDSSD"
              }
            ],
            "vpc_id": "16c4f6a6-7030-4118-994b-58b76f3b4d69"
          },
          "sensitive_attributes": [],
          "private": "eyJlMmJmYjczMC1lY2FhLTExZTYtOGY4OC0zNDM2M2JjN2M0YzAiOnsiY3JlYXRlIjoxODAwMDAwMDAwMDAwLCJkZWZhdWx0Ijo5MDAwMDAwMDAwMDAsImRlbGV0ZSI6MTgwMDAwMDAwMDAwMCwicmVhZCI6OTAwMDAwMDAwMDAwLCJ1cGRhdGUiOjE4MDAwMDAwMDAwMDB9fQ==",
          "dependencies": [
            "module.rds_mysql.data.huaweicloud_networking_secgroup.securitygroup",
            "module.rds_mysql.data.huaweicloud_rds_flavors.flavor",
            "module.rds_mysql.data.huaweicloud_vpc.vpc",
            "module.rds_mysql.data.huaweicloud_vpc_subnet.subnet",
            "module.rds_mysql.huaweicloud_rds_parametergroup.rds_parametergroup",
            "module.vpc.huaweicloud_networking_secgroup.securitygroup",
            "module.vpc.huaweicloud_networking_secgroup_rule.allow_rules_egress",
            "module.vpc.huaweicloud_networking_secgroup_rule.allow_rules_ingress_elb",
            "module.vpc.huaweicloud_networking_secgroup_rule.allow_rules_ingress_main",
            "module.vpc.huaweicloud_vpc.vpc",
            "module.vpc.huaweicloud_vpc_subnet.subnet"
          ]
        }
      ]
    },
    {
      "module": "module.rds_mysql",
      "mode": "managed",
      "type": "huaweicloud_rds_parametergroup",
      "name": "rds_parametergroup",
      "provider": "provider[\"registry.terraform.io/huaweicloud/huaweicloud\"]",
      "instances": [
        {
          "schema_version": 0,
          "attributes": {
            "configuration_parameters": [
              {
                "description": "auto_increment_increment and auto_increment_offset control operations in the AUTO_INCREMENT columns, and are used for master-to-master replication.",
                "name": "auto_increment_increment",
                "readonly": false,
                "restart_required": false,
                "type": "integer",
                "value": "1",
                "value_range": "1-65535"
              },
              {
                "description": "auto_increment_increment and auto_increment_offset control operations in the AUTO_INCREMENT columns, and are used for master-to-master replication.",
                "name": "auto_increment_offset",
                "readonly": false,
                "restart_required": false,
                "type": "integer",
                "value": "1",
                "value_range": "1-65535"
              },
              {
                "description": "The cache capacity used to store SQL statements for the binary log in a transaction.",
                "name": "binlog_cache_size",
                "readonly": false,
                "restart_required": false,
                "type": "integer",
                "value": "32768",
                "value_range": "4096-16777216"
              },
              {
                "description": "When this variable is enabled, the primary server writes a checksum for each event in the binary log.",
                "name": "binlog_checksum",
                "readonly": false,
                "restart_required": false,
                "type": "string",
                "value": "CRC32",
                "value_range": "NONE|CRC32"
              },
              {
                "description": "Once the parameter is enabled, a MySQL 5.6.2 or later server writes information to log events, such as writing row query log events into its binary log.",
                "name": "binlog_rows_query_log_events",
                "readonly": false,
                "restart_required": false,
                "type": "boolean",
                "value": "OFF",
                "value_range": "ON|OFF"
              },
              {
                "description": "This variable determines the size of the cache for the binary log to hold non-transactional statements issued during a transaction. The parameter value must be a multiple of 4096.",
                "name": "binlog_stmt_cache_size",
                "readonly": false,
                "restart_required": false,
                "type": "integer",
                "value": "32768",
                "value_range": "4096-16777216"
              },
              {
                "description": "Sets an upper limit on the number of row hashes which are kept in memory and used for looking up that last modified a given row. Once this number of hashes has been reached, the history is purged.",
                "name": "binlog_transaction_dependency_history_size",
                "readonly": false,
                "restart_required": false,
                "type": "integer",
                "value": "500000",
                "value_range": "1-1000000"
              },
              {
                "description": "Specifies the source of dependency information that transactions are replayed in parallel on replicas.",
                "name": "binlog_transaction_dependency_tracking",
                "readonly": false,
                "restart_required": false,
                "type": "string",
                "value": "WRITESET",
                "value_range": "COMMIT_ORDER|WRITESET|WRITESET_SESSION"
              },
              {
                "description": "Controls the block encryption mode for block-based algorithms such as AES. It affects encryption for AES_ENCRYPT() and AES_DECRYPT().",
                "name": "block_encryption_mode",
                "readonly": false,
                "restart_required": false,
                "type": "string",
                "value": "aes-128-ecb",
                "value_range": "aes-128-ecb|aes-192-ecb|aes-256-ecb|aes-128-cbc|aes-192-cbc|aes-256-cbc|aes-128-cfb1|aes-192-cfb1|aes-256-cfb1|aes-128-cfb8|aes-192-cfb8|aes-256-cfb8|aes-128-cfb128|aes-192-cfb128|aes-256-cfb128|aes-128-ofb|aes-192-ofb|aes-256-ofb"
              },
              {
                "description": "Limits the size of the MyISAM cache tree in bytes per thread.",
                "name": "bulk_insert_buffer_size",
                "readonly": false,
                "restart_required": false,
                "type": "integer",
                "value": "8388608",
                "value_range": "0-18446744073709551615"
              },
              {
                "description": "The server\u0026#39;s default character set. ",
                "name": "character_set_server",
                "readonly": false,
                "restart_required": true,
                "type": "string",
                "value": "utf8mb4",
                "value_range": "utf8|latin1|gbk|utf8mb4"
              },
              {
                "description": "The default collation for the server.",
                "name": "collation_server",
                "readonly": false,
                "restart_required": true,
                "type": "string",
                "value": "utf8mb4_0900_ai_ci",
                "value_range": "big5_bin|big5_chinese_ci|gbk_bin|gbk_chinese_ci|latin1_bin|latin1_danish_ci|latin1_general_ci|latin1_general_cs|latin1_german1_ci|latin1_german2_ci|latin1_spanish_ci|latin1_swedish_ci|utf8mb4_0900_ai_ci|utf8mb4_0900_as_ci|utf8mb4_0900_as_cs|utf8mb4_bin|utf8mb4_croatian_ci|utf8mb4_cs_0900_ai_ci|utf8mb4_cs_0900_as_cs|utf8mb4_czech_ci|utf8mb4_danish_ci|utf8mb4_da_0900_ai_ci|utf8mb4_da_0900_as_cs|utf8mb4_de_pb_0900_ai_ci|utf8mb4_de_pb_0900_as_cs|utf8mb4_eo_0900_ai_ci|utf8mb4_eo_0900_as_cs|utf8mb4_esperanto_ci|utf8mb4_estonian_ci|utf8mb4_es_0900_ai_ci|utf8mb4_es_0900_as_cs|utf8mb4_es_trad_0900_ai_ci|utf8mb4_es_trad_0900_as_cs|utf8mb4_et_0900_ai_ci|utf8mb4_et_0900_as_cs|utf8mb4_general_ci|utf8mb4_german2_ci|utf8mb4_hr_0900_ai_ci|utf8mb4_hr_0900_as_cs|utf8mb4_hungarian_ci|utf8mb4_hu_0900_ai_ci|utf8mb4_hu_0900_as_cs|utf8mb4_icelandic_ci|utf8mb4_is_0900_ai_ci|utf8mb4_is_0900_as_cs|utf8mb4_ja_0900_as_cs|utf8mb4_ja_0900_as_cs_ks|utf8mb4_latvian_ci|utf8mb4_la_0900_ai_ci|utf8mb4_la_0900_as_cs|utf8mb4_lithuanian_ci|utf8mb4_lt_0900_ai_ci|utf8mb4_lt_0900_as_cs|utf8mb4_lv_0900_ai_ci|utf8mb4_lv_0900_as_cs|utf8mb4_persian_ci|utf8mb4_pl_0900_ai_ci|utf8mb4_pl_0900_as_cs|utf8mb4_polish_ci|utf8mb4_romanian_ci|utf8mb4_roman_ci|utf8mb4_ro_0900_ai_ci|utf8mb4_ro_0900_as_cs|utf8mb4_ru_0900_ai_ci|utf8mb4_ru_0900_as_cs|utf8mb4_sinhala_ci|utf8mb4_sk_0900_ai_ci|utf8mb4_sk_0900_as_cs|utf8mb4_slovak_ci|utf8mb4_slovenian_ci|utf8mb4_sl_0900_ai_ci|utf8mb4_sl_0900_as_cs|utf8mb4_spanish2_ci|utf8mb4_spanish_ci|utf8mb4_sv_0900_ai_ci|utf8mb4_sv_0900_as_cs|utf8mb4_swedish_ci|utf8mb4_tr_0900_ai_ci|utf8mb4_tr_0900_as_cs|utf8mb4_turkish_ci|utf8mb4_unicode_520_ci|utf8mb4_unicode_ci|utf8mb4_vietnamese_ci|utf8mb4_vi_0900_ai_ci|utf8mb4_vi_0900_as_cs|utf8mb4_zh_0900_as_cs|utf8_bin|utf8_croatian_ci|utf8_czech_ci|utf8_danish_ci|utf8_esperanto_ci|utf8_estonian_ci|utf8_general_ci|utf8_general_mysql500_ci|utf8_german2_ci|utf8_hungarian_ci|utf8_icelandic_ci|utf8_latvian_ci|utf8_lithuanian_ci|utf8_persian_ci|utf8_polish_ci|utf8_romanian_ci|utf8_roman_ci|utf8_sinhala_ci|utf8_slovak_ci|utf8_slovenian_ci|utf8_spanish2_ci|utf8_spanish_ci|utf8_swedish_ci|utf8_tolower_ci|utf8_turkish_ci|utf8_unicode_520_ci|utf8_unicode_ci|utf8_vietnamese_ci"
              },
              {
                "description": "Modifies concurrent-insert processing. If it is set to AUTO (the default value), MySQL permits INSERT and SELECT statements to run concurrently for MyISAM tables that have no free blocks in the middle of the data file concurrent_insert. If it is set to NEVER, concurrent inserts are disabled. If it is set to ALWAYS, concurrent inserts are allowed for all MyISAM tables, even those whose rows are deleted.",
                "name": "concurrent_insert",
                "readonly": false,
                "restart_required": false,
                "type": "string",
                "value": "AUTO",
                "value_range": "NEVER|AUTO|ALWAYS"
              },
              {
                "description": "Number of seconds that the mysqld server waits for a connect packet before responding to Bad handshake.",
                "name": "connect_timeout",
                "readonly": false,
                "restart_required": false,
                "type": "integer",
                "value": "10",
                "value_range": "2-31536000"
              },
              {
                "description": "Defines the global automatic password expiration policy. The unit is day.",
                "name": "default_password_lifetime",
                "readonly": false,
                "restart_required": false,
                "type": "integer",
                "value": "0",
                "value_range": "0-65535"
              },
              {
                "description": "Default week format used by the WEEK() function.",
                "name": "default_week_format",
                "readonly": false,
                "restart_required": false,
                "type": "integer",
                "value": "0",
                "value_range": "0-7"
              },
              {
                "description": "Number of digits by which to increase the scale of the result of division operations.",
                "name": "div_precision_increment",
                "readonly": false,
                "restart_required": false,
                "type": "integer",
                "value": "4",
                "value_range": "0-30"
              },
              {
                "description": "Specifies whether to add end markers to JSON output.",
                "name": "end_markers_in_json",
                "readonly": false,
                "restart_required": false,
                "type": "boolean",
                "value": "OFF",
                "value_range": "ON|OFF"
              },
              {
                "description": "When the number of conditions exceeds the parameter value, the optimizer switches from using index dives to index statistics.",
                "name": "eq_range_index_dive_limit",
                "readonly": false,
                "restart_required": false,
                "type": "integer",
                "value": "200",
                "value_range": "0-4294967295"
              },
              {
                "description": "Determines whether the server enables certain nonstandard behaviors for default values and NULL-value handling in TIMESTAMP columns. This parameter is disabled by default, which enables the nonstandard behaviors.",
                "name": "explicit_defaults_for_timestamp",
                "readonly": false,
                "restart_required": false,
                "type": "boolean",
                "value": "OFF",
                "value_range": "ON|OFF"
              },
              {
                "description": "Maximum number of top matches used for full-text searches performed using WITH QUERY EXPANSION.",
                "name": "ft_query_expansion_limit",
                "readonly": false,
                "restart_required": true,
                "type": "integer",
                "value": "20",
                "value_range": "0-1000"
              },
              {
                "description": "Maximum permitted length for the result of the GROUP_CONCAT() function.",
                "name": "group_concat_max_len",
                "readonly": false,
                "restart_required": false,
                "type": "integer",
                "value": "1024",
                "value_range": "4-18446744073709551615"
              },
              {
                "description": "Wait time (in seconds) before idle read-only transactions are killed. (Supported in versions later than 5.7.23)",
                "name": "idle_readonly_transaction_timeout",
                "readonly": false,
                "restart_required": false,
                "type": "integer",
                "value": "0",
                "value_range": "0-31536000"
              },
              {
                "description": "Wait time (in seconds) before idle transactions are killed. The default value 0 indicates that transactions are never killed. (Supported in versions later than 5.7.23)",
                "name": "idle_transaction_timeout",
                "readonly": false,
                "restart_required": false,
                "type": "integer",
                "value": "0",
                "value_range": "0-31536000"
              },
              {
                "description": "Wait time (in seconds) before idle read/write transactions are killed. The default value 0 indicates that the transactions are never killed. (Supported in versions later than 5.7.23)",
                "name": "idle_write_transaction_timeout",
                "readonly": false,
                "restart_required": false,
                "type": "integer",
                "value": "0",
                "value_range": "0-31536000"
              },
              {
                "description": "Whether InnoDB adaptive hash indexes are enabled or disabled.",
                "name": "innodb_adaptive_hash_index",
                "readonly": false,
                "restart_required": false,
                "type": "boolean",
                "value": "OFF",
                "value_range": "ON|OFF"
              },
              {
                "description": "Increment size (in MB) for extending the size of an auto-extending tablespace file when it becomes full.",
                "name": "innodb_autoextend_increment",
                "readonly": false,
                "restart_required": false,
                "type": "integer",
                "value": "64",
                "value_range": "1-1000"
              },
              {
                "description": "Lock mode used to generate auto-increment values. 0: old mode. 1: new mode. 2: unlocked.",
                "name": "innodb_autoinc_lock_mode",
                "readonly": false,
                "restart_required": true,
                "type": "string",
                "value": "2",
                "value_range": "0|1|2"
              },
              {
                "description": "Determines the number of threads that can enter InnoDB concurrently. A thread is placed in a queue when it tries to enter InnoDB if the number of threads has already reached the concurrency limit. When a thread is permitted to enter InnoDB, it is given a number of \"tickets\" equal to the value of innodb_concurrency_tickets, and the thread can enter and leave InnoDB freely until it has used up its tickets.",
                "name": "innodb_concurrency_tickets",
                "readonly": false,
                "restart_required": false,
                "type": "integer",
                "value": "5000",
                "value_range": "1-4294967295"
              },
              {
                "description": "Disables the system cache of OS files for merge-sort temporary files.",
                "name": "innodb_disable_sort_file_cache",
                "readonly": false,
                "restart_required": false,
                "type": "boolean",
                "value": "OFF",
                "value_range": "ON|OFF"
              },
              {
                "description": "Controls the balance between strict ACID compliance for commit operations, and higher performance that is possible when commit-related I/O operations are rearranged and done in batches. When this parameter is set to 0, the content of the InnoDB log buffer is written to the log file approximately once per second and the log file is flushed to disk. The default value of 1 is required for full ACID compliance. With this value, the contents of the InnoDB log buffer are written out to the log file at each transaction commit and the log file is flushed to disk. When this parameter is set to 2, the contents of the InnoDB log buffer are written to the log file after each transaction commit and the log file is flushed to disk approximately once per second.",
                "name": "innodb_flush_log_at_trx_commit",
                "readonly": false,
                "restart_required": false,
                "type": "string",
                "value": "1",
                "value_range": "0|1|2"
              },
              {
                "description": "Size of the cache that holds a parsed document in memory while creating an InnoDB FULLTEXT index.",
                "name": "innodb_ft_cache_size",
                "readonly": false,
                "restart_required": true,
                "type": "integer",
                "value": "8000000",
                "value_range": "1600000-80000000"
              },
              {
                "description": "A set of stopwords is associated with an InnoDB FULLTEXT index at the time the index is created.",
                "name": "innodb_ft_enable_stopword",
                "readonly": false,
                "restart_required": false,
                "type": "boolean",
                "value": "ON",
                "value_range": "ON|OFF"
              },
              {
                "description": "Maximum length of words that are stored in an InnoDB FULLTEXT index.",
                "name": "innodb_ft_max_token_size",
                "readonly": false,
                "restart_required": true,
                "type": "integer",
                "value": "84",
                "value_range": "10-84"
              },
              {
                "description": "Minimum length of the words that are stored in an InnoDB FULLTEXT index.",
                "name": "innodb_ft_min_token_size",
                "readonly": false,
                "restart_required": true,
                "type": "integer",
                "value": "3",
                "value_range": "0-16"
              },
              {
                "description": "Total number of words to process during each OPTIMIZE TABLE operation on an InnoDB FULLTEXT index.",
                "name": "innodb_ft_num_word_optimize",
                "readonly": false,
                "restart_required": false,
                "type": "integer",
                "value": "2000",
                "value_range": "1000-10000"
              },
              {
                "description": "The InnoDB FULLTEXT search (FTS) query result cache limit (defined in bytes) per FTS query or per thread.",
                "name": "innodb_ft_result_cache_limit",
                "readonly": false,
                "restart_required": false,
                "type": "integer",
                "value": "2000000000",
                "value_range": "1000000-4294967295"
              },
              {
                "description": "\tName of the table containing a list of words to ignore when creating an InnoDB FULLTEXT index, in the format of db_name/table_name. The table must be an InnoDB table, containing only one VARCHAR column named value.",
                "name": "innodb_ft_server_stopword_table",
                "readonly": false,
                "restart_required": false,
                "type": "string",
                "value": "",
                "value_range": ""
              },
              {
                "description": "Number of threads used in parallel to index and tokenize text in an InnoDB FULLTEXT index, when building a search index for a large table.",
                "name": "innodb_ft_sort_pll_degree",
                "readonly": false,
                "restart_required": true,
                "type": "string",
                "value": "2",
                "value_range": "1|2|4|8|16"
              },
              {
                "description": "Name of the table containing a list of words when creating an InnoDB FULLTEXT index, in the format of db_name/table_name.",
                "name": "innodb_ft_user_stopword_table",
                "readonly": false,
                "restart_required": false,
                "type": "string",
                "value": "",
                "value_range": ""
              },
              {
                "description": "Time in seconds that an InnoDB transaction waits for a row lock before giving up.",
                "name": "innodb_lock_wait_timeout",
                "readonly": false,
                "restart_required": false,
                "type": "integer",
                "value": "50",
                "value_range": "1-1073741824"
              },
              {
                "description": "Whether images of re-compressed pages are stored in InnoDB redo logs.",
                "name": "innodb_log_compressed_pages",
                "readonly": false,
                "restart_required": false,
                "type": "boolean",
                "value": "ON",
                "value_range": "ON|OFF"
              },
              {
                "description": "InnoDB tries to flush data from the buffer pool so that the percentage of dirty pages does not exceed this parameter value.",
                "name": "innodb_max_dirty_pages_pct",
                "readonly": false,
                "restart_required": false,
                "type": "float",
                "value": "75",
                "value_range": "50-90"
              },
              {
                "description": "Controls how to delay INSERT, UPDATE, and DELETE operations when purge operations are lagging.",
                "name": "innodb_max_purge_lag",
                "readonly": false,
                "restart_required": false,
                "type": "integer",
                "value": "0",
                "value_range": "0-4294967295"
              },
              {
                "description": "Maximum delay (in milliseconds) imposed by the innodb_max_purge_lag configuration option.",
                "name": "innodb_max_purge_lag_delay",
                "readonly": false,
                "restart_required": false,
                "type": "integer",
                "value": "0",
                "value_range": "0-10000000"
              },
              {
                "description": "The approximate percentage of the InnoDB buffer pool used for the old block sublist.",
                "name": "innodb_old_blocks_pct",
                "readonly": false,
                "restart_required": false,
                "type": "integer",
                "value": "37",
                "value_range": "5-95"
              },
              {
                "description": "A non-zero value indicates that the buffer pool filled up by reference data is protected during a specific period.",
                "name": "innodb_old_blocks_time",
                "readonly": false,
                "restart_required": false,
                "type": "integer",
                "value": "1000",
                "value_range": "0-1024"
              },
              {
                "description": "Upper limit on the size of the temporary log files used during online DDL operations for InnoDB tables.",
                "name": "innodb_online_alter_log_max_size",
                "readonly": false,
                "restart_required": false,
                "type": "integer",
                "value": "134217728",
                "value_range": "65536-18446744073709551615"
              },
              {
                "description": "Maximum number of InnoDB files that MySQL can keep open at one time. The default value varies by system architecture.",
                "name": "innodb_open_files",
                "readonly": false,
                "restart_required": true,
                "type": "integer",
                "value": "10240",
                "value_range": "10-500000"
              },
              {
                "description": "Changes the way the OPTIMIZE TABLE statement operates on InnoDB tables.",
                "name": "innodb_optimize_fulltext_only",
                "readonly": false,
                "restart_required": false,
                "type": "boolean",
                "value": "OFF",
                "value_range": "ON|OFF"
              },
              {
                "description": "When this parameter is enabled, information about all deadlocks in InnoDB user transactions is recorded in the mysqld error log.",
                "name": "innodb_print_all_deadlocks",
                "readonly": false,
                "restart_required": false,
                "type": "boolean",
                "value": "OFF",
                "value_range": "ON|OFF"
              },
              {
                "description": "Number of undo log pages completed at a time. This parameter is intended for advanced performance tuning in combination with the parameter innodb_purge_threads set to n. Most users do not need change its value.",
                "name": "innodb_purge_batch_size",
                "readonly": false,
                "restart_required": false,
                "type": "integer",
                "value": "300",
                "value_range": "1-5000"
              },
              {
                "description": "Total number of background threads devoted to the InnoDB purge operation.",
                "name": "innodb_purge_threads",
                "readonly": false,
                "restart_required": true,
                "type": "integer",
                "value": "4",
                "value_range": "1-32"
              },
              {
                "description": "",
                "name": "innodb_rds_data_file_purge",
                "readonly": false,
                "restart_required": false,
                "type": "boolean",
                "value": "OFF",
                "value_range": "ON|OFF"
              },
              {
                "description": "",
                "name": "innodb_rds_data_file_purge_interval",
                "readonly": false,
                "restart_required": false,
                "type": "integer",
                "value": "100",
                "value_range": "0-10000"
              },
              {
                "description": "",
                "name": "innodb_rds_data_file_purge_max_size",
                "readonly": false,
                "restart_required": false,
                "type": "integer",
                "value": "32",
                "value_range": "16-1073741824"
              },
              {
                "description": "Number of I/O threads for read operations in InnoDB.",
                "name": "innodb_read_io_threads",
                "readonly": false,
                "restart_required": true,
                "type": "integer",
                "value": "4",
                "value_range": "1-64"
              },
              {
                "description": "If innodb_rollback_on_timeout is specified, a transaction timeout causes InnoDB to abort and roll back the entire transaction.",
                "name": "innodb_rollback_on_timeout",
                "readonly": false,
                "restart_required": true,
                "type": "boolean",
                "value": "OFF",
                "value_range": "ON|OFF"
              },
              {
                "description": "Sizes of several buffers used for sorting data when creating an InnoDB index.",
                "name": "innodb_sort_buffer_size",
                "readonly": false,
                "restart_required": true,
                "type": "integer",
                "value": "1048576",
                "value_range": "65536-67108864"
              },
              {
                "description": "Maximum delay between polls for a spin lock. Setting this parameter to a large value may cause the CPU usage to increase. You are advised to set it to a value less than or equal to 1000.",
                "name": "innodb_spin_wait_delay",
                "readonly": false,
                "restart_required": false,
                "type": "integer",
                "value": "6",
                "value_range": "0-18446744073709551615"
              },
              {
                "description": "Specifies how the server treats NULL values when collecting statistics about the distribution of index values for InnoDB tables. Value: nulls_equal, nulls_unequal, and nulls_ignored. For nulls_equal, all NULL index values are considered equal and form a single value group that has a size equal to the number of NULL values. For nulls_unequal, NULL values are considered unequal, and each NULL forms a distinct value group of size 1. For nulls_ignored, NULL values are ignored.",
                "name": "innodb_stats_method",
                "readonly": false,
                "restart_required": false,
                "type": "string",
                "value": "nulls_equal",
                "value_range": "nulls_equal|nulls_unequal|nulls_ignored"
              },
              {
                "description": "Enables or disables periodic output for the standard InnoDB monitor.",
                "name": "innodb_status_output",
                "readonly": false,
                "restart_required": false,
                "type": "boolean",
                "value": "OFF",
                "value_range": "ON|OFF"
              },
              {
                "description": "Enables or disables the InnoDB lock monitor.",
                "name": "innodb_status_output_locks",
                "readonly": false,
                "restart_required": false,
                "type": "boolean",
                "value": "OFF",
                "value_range": "ON|OFF"
              },
              {
                "description": "When this parameter is enabled, InnoDB returns errors rather than warnings when checking for invalid or incompatible table options. Set this parameter to ON when page data compression is used. When this parameter is set to ON, errors are raised rather than warnings if statements such as CREATE TABLE, ALTER TABLE, CREATE INDEX are executed and invalid table options are specified.",
                "name": "innodb_strict_mode",
                "readonly": false,
                "restart_required": false,
                "type": "boolean",
                "value": "OFF",
                "value_range": "ON|OFF"
              },
              {
                "description": "Splits the internal data structure used to coordinate threads, improving concurrency in workloads with large numbers of waiting threads.",
                "name": "innodb_sync_array_size",
                "readonly": false,
                "restart_required": true,
                "type": "integer",
                "value": "1",
                "value_range": "1-1024"
              },
              {
                "description": "Number of times a thread waits for an InnoDB mutex to be freed before the thread is suspended.",
                "name": "innodb_sync_spin_loops",
                "readonly": false,
                "restart_required": false,
                "type": "integer",
                "value": "30",
                "value_range": "0-4294967295"
              },
              {
                "description": "Specifies the path, file name, and file size for InnoDB temporary tablespace data files.",
                "name": "innodb_temp_data_file_path",
                "readonly": false,
                "restart_required": true,
                "type": "string",
                "value": "ibtmp1:12M:autoextend",
                "value_range": ""
              },
              {
                "description": "Maximum number of threads that can be concurrently used by the InnoDB drive program.",
                "name": "innodb_thread_concurrency",
                "readonly": false,
                "restart_required": false,
                "type": "integer",
                "value": "0",
                "value_range": "0-128"
              },
              {
                "description": "The time (in microseconds) InnoDB threads sleep before joining the InnoDB queue.",
                "name": "innodb_thread_sleep_delay",
                "readonly": false,
                "restart_required": false,
                "type": "integer",
                "value": "10000",
                "value_range": "0-1000000"
              },
              {
                "description": "Number of I/O threads for write operations in InnoDB.",
                "name": "innodb_write_io_threads",
                "readonly": false,
                "restart_required": true,
                "type": "integer",
                "value": "4",
                "value_range": "1-64"
              },
              {
                "description": "Number of seconds the server waits for activity on an interactive connection before closing it.",
                "name": "interactive_timeout",
                "readonly": false,
                "restart_required": false,
                "type": "integer",
                "value": "28800",
                "value_range": "1-31536000"
              },
              {
                "description": "When indexes cannot be added, increase the value of this parameter to get a faster full join.",
                "name": "join_buffer_size",
                "readonly": false,
                "restart_required": false,
                "type": "integer",
                "value": "262144",
                "value_range": "128-18446744073709547520"
              },
              {
                "description": "Forbids overwriting MyISAM file created in DATA DIRECTORY or INDEX DIRECTORY.",
                "name": "keep_files_on_create",
                "readonly": false,
                "restart_required": false,
                "type": "boolean",
                "value": "OFF",
                "value_range": "ON|OFF"
              },
              {
                "description": "Controls whether to demote buffers from the hot sublist of a key cache to the warm sublist. Lower values cause demotion to happen more quickly. The minimum value is 100.",
                "name": "key_cache_age_threshold",
                "readonly": false,
                "restart_required": false,
                "type": "integer",
                "value": "300",
                "value_range": "100-18446744073709551600"
              },
              {
                "description": "Size in bytes of blocks in index cache.",
                "name": "key_cache_block_size",
                "readonly": false,
                "restart_required": false,
                "type": "integer",
                "value": "1024",
                "value_range": "512-16384"
              },
              {
                "description": "Division point between the hot and warm sublists of the key cache buffer list. The value is the percentage of the buffer list to use for the warm sublist.",
                "name": "key_cache_division_limit",
                "readonly": false,
                "restart_required": false,
                "type": "integer",
                "value": "100",
                "value_range": "1-100"
              },
              {
                "description": "Locale that controls the language used to display the names and abbreviations of days and months.",
                "name": "lc_time_names",
                "readonly": false,
                "restart_required": false,
                "type": "string",
                "value": "en_US",
                "value_range": "ar_AE|ar_BH|ar_DZ|ar_EG|ar_IN|ar_IQ|ar_JO|ar_KW|ar_LB|ar_LY|ar_MA|ar_OM|ar_QA|ar_SA|ar_SD|ar_SY|ar_TN|ar_YE|be_BY|bg_BG|ca_ES|cs_CZ|da_DK|de_AT|de_BE|de_CH|de_DE|de_LU|el_GR|en_AU|en_CA|en_GB|en_IN|en_NZ|en_PH|en_US|en_ZA|en_ZW|es_AR|es_BO|es_CL|es_CO|es_CR|es_DO|es_EC|es_ES|es_GT|es_HN|es_MX|es_NI|es_PA|es_PE|es_PR|es_PY|es_SV|es_US|es_UY|es_VE|et_EE|eu_ES|fi_FI|fo_FO|fr_BE|fr_CA|fr_CH|fr_FR|fr_LU|gl_ES|gu_IN|he_IL|hi_IN|hr_HR|hu_HU|id_ID|is_IS|it_CH|it_IT|ja_JP|ko_KR|lt_LT|lv_LV|mk_MK|mn_MN|ms_MY|nb_NO|nl_BE|nl_NL|no_NO|pl_PL|pt_BR|pt_PT|ro_RO|ru_RU|ru_UA|sk_SK|sl_SI|sq_AL|sr_RS|sv_FI|sv_SE|ta_IN|te_IN|th_TH|tr_TR|uk_UA|ur_PK|vi_VN|zh_CN|zh_HK|zh_TW"
              },
              {
                "description": "Controls whether LOCAL is supported for LOAD DATA INFILE.",
                "name": "local_infile",
                "readonly": false,
                "restart_required": false,
                "type": "boolean",
                "value": "ON",
                "value_range": "ON|OFF"
              },
              {
                "description": "Timeout in seconds for attempts to acquire metadata locks.",
                "name": "lock_wait_timeout",
                "readonly": false,
                "restart_required": false,
                "type": "integer",
                "value": "31536000",
                "value_range": "1-31536000"
              },
              {
                "description": "Whether queries that do not use indexes are written to the slow query log.",
                "name": "log_queries_not_using_indexes",
                "readonly": false,
                "restart_required": false,
                "type": "boolean",
                "value": "OFF",
                "value_range": "ON|OFF"
              },
              {
                "description": "Limits the total number of queries that are written into slow query logs without using indexes per minute.",
                "name": "log_throttle_queries_not_using_indexes",
                "readonly": false,
                "restart_required": false,
                "type": "integer",
                "value": "0",
                "value_range": "0-4294967295"
              },
              {
                "description": "When the SQL statement execution time (in second) exceeds this value, it will be recorded in slow query logs.",
                "name": "long_query_time",
                "readonly": false,
                "restart_required": false,
                "type": "float",
                "value": "1",
                "value_range": "0.03-3600"
              },
              {
                "description": "If it is set to ON, all INSERT, UPDATE, DELETE, and LOCK TABLE READ statements wait until there is no pending SELECT or LOCK TABLE READ on the affected table.",
                "name": "low_priority_updates",
                "readonly": false,
                "restart_required": false,
                "type": "boolean",
                "value": "OFF",
                "value_range": "ON|OFF"
              },
              {
                "description": "Maximum size of a packet or any generated intermediate string. The packet message buffer is initialized to net_buffer_length bytes, but can increase to max_allowed_packet bytes when needed. This value by default is small, to catch large (possibly incorrect) packets. The value must be a multiple of 1024.",
                "name": "max_allowed_packet",
                "readonly": false,
                "restart_required": false,
                "type": "integer",
                "value": "1073741824",
                "value_range": "1024-1073741824"
              },
              {
                "description": "If the number of interrupted connections from a host exceeds this parameter value, the server blocks that host from further connections. To unblock the host, issue a FLUSH HOSTS statement or execute a mysqladmin flush-hosts command.",
                "name": "max_connect_errors",
                "readonly": false,
                "restart_required": false,
                "type": "integer",
                "value": "100",
                "value_range": "1-18446744073709551615"
              },
              {
                "description": "Displays the maximum number of errors, warnings, and note messages to be stored.",
                "name": "max_error_count",
                "readonly": false,
                "restart_required": false,
                "type": "integer",
                "value": "1024",
                "value_range": "0-65535"
              },
              {
                "description": "If your DB kernel version is earlier than 8.0.18, the maximum value of this parameter is 1048576. If you set it to a larger value, the parameter change will not be applied. This parameter is used to prevent denial-of-service attacks where a huge numbers of statements are prepared to exhaust server memory.",
                "name": "max_prepared_stmt_count",
                "readonly": false,
                "restart_required": false,
                "type": "integer",
                "value": "16382",
                "value_range": "0-4194304"
              },
              {
                "description": "Limits the maximum times a stored procedure can be called recursively to minimize the demand on thread stack space.",
                "name": "max_sp_recursion_depth",
                "readonly": false,
                "restart_required": false,
                "type": "integer",
                "value": "0",
                "value_range": "0-255"
              },
              {
                "description": "Maximum number of simultaneous connections allowed for a specific MySQL account.",
                "name": "max_user_connections",
                "readonly": false,
                "restart_required": false,
                "type": "integer",
                "value": "0",
                "value_range": "0-4294967295"
              },
              {
                "description": "Once the number of write locks exceeds the limit, partial requests from read locks will be processed.",
                "name": "max_write_lock_count",
                "readonly": false,
                "restart_required": false,
                "type": "integer",
                "value": "18446744073709551615",
                "value_range": "1-18446744073709551615"
              },
              {
                "description": "You are advised not to change this variable unless the available memory is small. Set it to the expected length of statements sent by the client.",
                "name": "net_buffer_length",
                "readonly": false,
                "restart_required": false,
                "type": "integer",
                "value": "16384",
                "value_range": "1024-1048576"
              },
              {
                "description": "Number of seconds to wait for more data from a connection before aborting the read.",
                "name": "net_read_timeout",
                "readonly": false,
                "restart_required": false,
                "type": "integer",
                "value": "30",
                "value_range": "1-31536000"
              },
              {
                "description": "Number of retries before giving up if a read on a communication port is interrupted.",
                "name": "net_retry_count",
                "readonly": false,
                "restart_required": false,
                "type": "integer",
                "value": "10",
                "value_range": "1-18446744073709551615"
              },
              {
                "description": "Number of seconds to wait for a block to be written to a connection before aborting the write.",
                "name": "net_write_timeout",
                "readonly": false,
                "restart_required": false,
                "type": "integer",
                "value": "60",
                "value_range": "1-31536000"
              },
              {
                "description": "Defines the size of the n-gram tag in the n-gram full-text parser.",
                "name": "ngram_token_size",
                "readonly": false,
                "restart_required": true,
                "type": "integer",
                "value": "2",
                "value_range": "1-10"
              },
              {
                "description": "Maximum depth of search performed by the query optimizer.",
                "name": "optimizer_search_depth",
                "readonly": false,
                "restart_required": false,
                "type": "integer",
                "value": "62",
                "value_range": "0-62"
              },
              {
                "description": "Enables or disables performance monitoring. Enabling performance monitoring will compromise the instance performance.",
                "name": "performance_schema",
                "readonly": false,
                "restart_required": true,
                "type": "boolean",
                "value": "OFF",
                "value_range": "ON|OFF"
              },
              {
                "description": "\tAllocation size of memory blocks that are allocated for objects created during statement parsing and execution. The permissible values are multiples of 1024. Setting this parameter to a large value may cause an out of memory (OOM) error. You are advised to set it to a value less than or equal to 8192.",
                "name": "query_alloc_block_size",
                "readonly": false,
                "restart_required": false,
                "type": "integer",
                "value": "8192",
                "value_range": "1024-4294967295"
              },
              {
                "description": "Size of the persistent buffer used for statement parsing and execution. This buffer is not freed between statements. If complex queries are executed, set a larger parameter value to improve performance as it reduces the necessity of the server to allocate memory during query operations. The value must be a multiple of 1024.",
                "name": "query_prealloc_size",
                "readonly": false,
                "restart_required": false,
                "type": "integer",
                "value": "8192",
                "value_range": "8192-1048576"
              },
              {
                "description": "Specifies the limit on memory consumption for the range optimizer.",
                "name": "range_optimizer_max_mem_size",
                "readonly": false,
                "restart_required": true,
                "type": "integer",
                "value": "8388608",
                "value_range": "0-134217728"
              },
              {
                "description": "Specifies whether the SQL matching rule is case sensitive when the SQL flow control function is enabled. ON: case-sensitive, OFF: case-insensitive (default).",
                "name": "rds_sqlfilter_case_sensitive",
                "readonly": false,
                "restart_required": false,
                "type": "boolean",
                "value": "OFF",
                "value_range": "ON|OFF"
              },
              {
                "description": "The buffer allocated by each thread that performs a sequential scan. Increasing this parameter value can improve the performance of massive sequential scans.",
                "name": "read_buffer_size",
                "readonly": false,
                "restart_required": false,
                "type": "integer",
                "value": "262144",
                "value_range": "8192-2147479552"
              },
              {
                "description": "The size of the buffer for rows that are read in sorted order following a key-sorting operation to avoid disk seeks. Setting this parameter to a larger value can improve the performance of ORDER BY.",
                "name": "read_rnd_buffer_size",
                "readonly": false,
                "restart_required": false,
                "type": "integer",
                "value": "524288",
                "value_range": "1-2147483647"
              },
              {
                "description": "Specifies the policy used to decide which transactions are allowed to execute in parallel on read replicas. Setting this parameter to DATABASE enables database-level MTS. Setting this parameter to LOGICAL_CLOCK enables transaction-level MTS. Database-level MTS is a feature in MySQL 5.6.36. The value of this parameter takes effect only when the value of slave_preserve_commit_order is OFF. However, the default value of slave_preserve_commit_order is ON in 5.7 earlier versions. If the value fails to be changed, manually upgrade the MySQL version. (Supported in versions later than 5.6.40 or 5.7)",
                "name": "slave_parallel_type",
                "readonly": false,
                "restart_required": true,
                "type": "string",
                "value": "LOGICAL_CLOCK",
                "value_range": "LOGICAL_CLOCK|DATABASE"
              },
              {
                "description": "Setting this parameter to a larger value improves performance of ORDER BY or GROUP BY operations.",
                "name": "sort_buffer_size",
                "readonly": false,
                "restart_required": false,
                "type": "integer",
                "value": "262144",
                "value_range": "32768-18446744073709551615"
              },
              {
                "description": "Current SQL server mode.",
                "name": "sql_mode",
                "readonly": false,
                "restart_required": false,
                "type": "list",
                "value": "",
                "value_range": ",ALLOW_INVALID_DATES,ANSI_QUOTES,ERROR_FOR_DIVISION_BY_ZERO,HIGH_NOT_PRECEDENCE,IGNORE_SPACE,NO_AUTO_VALUE_ON_ZERO,NO_BACKSLASH_ESCAPES,NO_DIR_IN_CREATE,NO_ENGINE_SUBSTITUTION,NO_UNSIGNED_SUBTRACTION,NO_ZERO_DATE,NO_ZERO_IN_DATE,ONLY_FULL_GROUP_BY,PAD_CHAR_TO_FULL_LENGTH,PIPES_AS_CONCAT,REAL_AS_FLOAT,STRICT_ALL_TABLES,STRICT_TRANS_TABLES,TIME_TRUNCATE_FRACTIONAL"
              },
              {
                "description": "Sets a soft upper limit for the number of cached stored routines per connection.",
                "name": "stored_program_cache",
                "readonly": false,
                "restart_required": false,
                "type": "integer",
                "value": "256",
                "value_range": "16-524288"
              },
              {
                "description": "Sync binlog (MySQL flushes binary logs to disks or relies on the OS).",
                "name": "sync_binlog",
                "readonly": false,
                "restart_required": false,
                "type": "integer",
                "value": "1",
                "value_range": "0-4294967295"
              },
              {
                "description": "Number of table definitions (from .frm files) that can be stored in the definition cache. The default value varies by system architecture.",
                "name": "table_definition_cache",
                "readonly": false,
                "restart_required": false,
                "type": "integer",
                "value": "1400",
                "value_range": "400-524288"
              },
              {
                "description": "The number of open tables for all threads.",
                "name": "table_open_cache",
                "readonly": false,
                "restart_required": false,
                "type": "integer",
                "value": "4000",
                "value_range": "1-524288"
              },
              {
                "description": "Number of open tables cache instances.",
                "name": "table_open_cache_instances",
                "readonly": false,
                "restart_required": true,
                "type": "integer",
                "value": "16",
                "value_range": "1-64"
              },
              {
                "description": "Number of threads to be cached. Modifying this parameter does not improve the thread performance.",
                "name": "thread_cache_size",
                "readonly": false,
                "restart_required": false,
                "type": "integer",
                "value": "100",
                "value_range": "0-16384"
              },
              {
                "description": "If the thread stack size is too small, it limits the complexity of the SQL statements that the server can handle, the recursion depth of stored procedures, and other memory-consuming actions. The value must be a multiple of 1024.",
                "name": "thread_stack",
                "readonly": false,
                "restart_required": true,
                "type": "integer",
                "value": "286720",
                "value_range": "131072-18446744073709551615"
              },
              {
                "description": "Enables or disables thread pool plugins. (Supported in versions later than 5.6.41.1 or 5.7.23)",
                "name": "threadpool_enabled",
                "readonly": false,
                "restart_required": false,
                "type": "boolean",
                "value": "ON",
                "value_range": "ON|OFF"
              },
              {
                "description": "Maximum number of active threads that can be applied for in each thread group. When a thread is found to be disabled, the thread group generates another worker thread that has oversubscribed. The maximum number of active threads in each thread group is equal to 1 plus threadpool_oversubscribe. Note: This parameter is read-only and can be set only by Huawei support team. (Supported in versions later than 5.6.40 or 5.7.22)",
                "name": "threadpool_oversubscribe",
                "readonly": false,
                "restart_required": false,
                "type": "integer",
                "value": "1",
                "value_range": "1-1000"
              },
              {
                "description": "Time zone. If the instance is a read replica, ensure that the read replica has the same value for this parameter as the primary instance. Africa/Cairo(UTC+02:00),Africa/Casablanca(UTC+01:00),Africa/Harare(UTC+02:00),Africa/Monrovia(UTC+00:00),Africa/Nairobi(UTC+03:00),Africa/Tripoli(UTC+02:00),Africa/Windhoek(UTC+01:00),America/Araguaina(UTC-03:00),America/Asuncion(UTC-04:00),America/Bogota(UTC-05:00),America/Caracas(UTC-04:00),America/Chihuahua(UTC-06:00),America/Cuiaba(UTC-04:00),America/Denver(UTC-06:00),America/Fortaleza(UTC-03:00),America/Guatemala(UTC-06:00),America/Halifax(UTC-03:00),America/Manaus(UTC-04:00),America/Matamoros(UTC-05:00),America/Monterrey(UTC-05:00),America/Montevideo(UTC-03:00),America/Phoenix(UTC-07:00),America/Santiago(UTC-04:00),America/Sao_Paulo(UTC-03:00),America/Tijuana(UTC-07:00),Asia/Amman(UTC+03:00)+2,Asia/Ashgabat(UTC+05:00),Asia/Baghdad(UTC+03:00),Asia/Baku(UTC+04:00),Asia/Bangkok(UTC+07:00),Asia/Beirut(UTC+03:00),Asia/Calcutta(UTC+05:30),Asia/Damascus(UTC+03:00),Asia/Dhaka(UTC+06:00),Asia/Irkutsk(UTC+08:00),Asia/Jerusalem(UTC+03:00),Asia/Kabul(UTC+04:30),Asia/Karachi(UTC+05:00),Asia/Kathmandu(UTC+05:45),Asia/Krasnoyarsk(UTC+07:00),Asia/Magadan(UTC+11:00),Asia/Muscat(UTC+04:00),Asia/Novosibirsk(UTC+06:00),Asia/Riyadh(UTC+03:00),Asia/Seoul(UTC+09:00),Asia/Shanghai(UTC+08:00),Asia/Singapore(UTC+08:00),Asia/Taipei(UTC+08:00),Asia/Tehran(UTC+04:30),Asia/Tokyo(UTC+09:00),Asia/Ulaanbaatar(UTC+09:00),Asia/Vladivostok(UTC+10:00),Asia/Yakutsk(UTC+09:00),Asia/Yangon(UTC+06:30),Asia/Yerevan(UTC+04:00),Atlantic/Azores(UTC+00:00),Australia/Adelaide(UTC+09:30),Australia/Brisbane(UTC+10:00),Australia/Darwin(UTC+09:30),Australia/Hobart(UTC+10:00),Australia/Perth(UTC+08:00),Australia/Sydney(UTC+10:00),Canada/Newfoundland(UTC-02:30),Canada/Saskatchewan(UTC-06:00),Brazil/East(UTC-03:00),Europe/Amsterdam(UTC+02:00),Europe/Athens(UTC+03:00),Europe/Dublin(UTC+01:00),Europe/Helsinki(UTC+03:00),Europe/Istanbul(UTC+03:00),Europe/Kaliningrad(UTC+02:00),Europe/Moscow(UTC+03:00),Europe/Paris(UTC+02:00),Europe/Prague(UTC+02:00),Europe/Sarajevo(UTC+02:00),Pacific/Auckland(UTC+12:00),Pacific/Fiji(UTC+12:00),Pacific/Guam(UTC+10:00),Pacific/Honolulu(UTC-10:00),Pacific/Samoa(UTC-11:00),US/Alaska(UTC-08:00),US/Central(UTC-05:00),US/Eastern(UTC-04:00),US/East-Indiana(UTC-04:00),US/Pacific(UTC-07:00),UTC(UTC+00:00),SYSTEM",
                "name": "time_zone",
                "readonly": false,
                "restart_required": false,
                "type": "string",
                "value": "SYSTEM",
                "value_range": "Africa/Abidjan|Africa/Accra|Africa/Addis_Ababa|Africa/Algiers|Africa/Asmara|Africa/Asmera|Africa/Bamako|Africa/Bangui|Africa/Banjul|Africa/Bissau|Africa/Blantyre|Africa/Brazzaville|Africa/Bujumbura|Africa/Cairo|Africa/Casablanca|Africa/Ceuta|Africa/Conakry|Africa/Dakar|Africa/Dar_es_Salaam|Africa/Djibouti|Africa/Douala|Africa/Freetown|Africa/Gaborone|Africa/Harare|Africa/Johannesburg|Africa/Juba|Africa/Kampala|Africa/Khartoum|Africa/Kigali|Africa/Kinshasa|Africa/Lagos|Africa/Libreville|Africa/Lome|Africa/Luanda|Africa/Lubumbashi|Africa/Lusaka|Africa/Malabo|Africa/Maputo|Africa/Maseru|Africa/Mbabane|Africa/Mogadishu|Africa/Monrovia|Africa/Nairobi|Africa/Ndjamena|Africa/Niamey|Africa/Nouakchott|Africa/Ouagadougou|Africa/Porto-Novo|Africa/Sao_Tome|Africa/Timbuktu|Africa/Tripoli|Africa/Tunis|Africa/Windhoek|America/Adak|America/Anchorage|America/Anguilla|America/Antigua|America/Araguaina|America/Argentina/Buenos_Aires|America/Argentina/Catamarca|America/Argentina/ComodRivadavia|America/Argentina/Cordoba|America/Argentina/Jujuy|America/Argentina/La_Rioja|America/Argentina/Mendoza|America/Argentina/Rio_Gallegos|America/Argentina/Salta|America/Argentina/San_Juan|America/Argentina/San_Luis|America/Argentina/Tucuman|America/Argentina/Ushuaia|America/Aruba|America/Asuncion|America/Atikokan|America/Atka|America/Bahia|America/Bahia_Banderas|America/Barbados|America/Belem|America/Belize|America/Blanc-Sablon|America/Boa_Vista|America/Bogota|America/Boise|America/Buenos_Aires|America/Cambridge_Bay|America/Campo_Grande|America/Cancun|America/Caracas|America/Catamarca|America/Cayenne|America/Cayman|America/Chicago|America/Chihuahua|America/Coral_Harbour|America/Cordoba|America/Costa_Rica|America/Creston|America/Cuiaba|America/Curacao|America/Danmarkshavn|America/Dawson|America/Dawson_Creek|America/Denver|America/Detroit|America/Dominica|America/Edmonton|America/Eirunepe|America/El_Salvador|America/Ensenada|America/Fort_Nelson|America/Fort_Wayne|America/Fortaleza|America/Glace_Bay|America/Godthab|America/Goose_Bay|America/Grand_Turk|America/Grenada|America/Guadeloupe|America/Guatemala|America/Guayaquil|America/Guyana|America/Halifax|America/Havana|America/Hermosillo|America/Indiana/Indianapolis|America/Indiana/Knox|America/Indiana/Marengo|America/Indiana/Petersburg|America/Indiana/Tell_City|America/Indiana/Vevay|America/Indiana/Vincennes|America/Indiana/Winamac|America/Indianapolis|America/Inuvik|America/Iqaluit|America/Jamaica|America/Jujuy|America/Juneau|America/Kentucky/Louisville|America/Kentucky/Monticello|America/Knox_IN|America/Kralendijk|America/La_Paz|America/Lima|America/Los_Angeles|America/Louisville|America/Lower_Princes|America/Maceio|America/Managua|America/Manaus|America/Marigot|America/Martinique|America/Matamoros|America/Mazatlan|America/Mendoza|America/Menominee|America/Merida|America/Metlakatla|America/Mexico_City|America/Miquelon|America/Moncton|America/Monterrey|America/Montevideo|America/Montreal|America/Montserrat|America/Nassau|America/New_York|America/Nipigon|America/Nome|America/Noronha|America/North_Dakota/Beulah|America/North_Dakota/Center|America/North_Dakota/New_Salem|America/Nuuk|America/Ojinaga|America/Panama|America/Pangnirtung|America/Paramaribo|America/Phoenix|America/Port-au-Prince|America/Port_of_Spain|America/Porto_Acre|America/Porto_Velho|America/Puerto_Rico|America/Punta_Arenas|America/Rainy_River|America/Rankin_Inlet|America/Recife|America/Regina|America/Resolute|America/Rio_Branco|America/Rosario|America/Santa_Isabel|America/Santarem|America/Santiago|America/Santo_Domingo|America/Sao_Paulo|America/Scoresbysund|America/Shiprock|America/Sitka|America/St_Barthelemy|America/St_Johns|America/St_Kitts|America/St_Lucia|America/St_Thomas|America/St_Vincent|America/Swift_Current|America/Tegucigalpa|America/Thule|America/Thunder_Bay|America/Tijuana|America/Toronto|America/Tortola|America/Vancouver|America/Virgin|America/Whitehorse|America/Winnipeg|America/Yakutat|America/Yellowknife|Antarctica/Casey|Antarctica/Davis|Antarctica/DumontDUrville|Antarctica/Macquarie|Antarctica/Mawson|Antarctica/McMurdo|Antarctica/Palmer|Antarctica/Rothera|Antarctica/South_Pole|Antarctica/Syowa|Antarctica/Troll|Antarctica/Vostok|Arctic/Longyearbyen|Asia/Aden|Asia/Almaty|Asia/Amman|Asia/Anadyr|Asia/Aqtau|Asia/Aqtobe|Asia/Ashgabat|Asia/Ashkhabad|Asia/Atyrau|Asia/Baghdad|Asia/Bahrain|Asia/Baku|Asia/Bangkok|Asia/Barnaul|Asia/Beijing|Asia/Beirut|Asia/Bishkek|Asia/Brunei|Asia/Calcutta|Asia/Chita|Asia/Choibalsan|Asia/Chongqing|Asia/Chungking|Asia/Colombo|Asia/Dacca|Asia/Damascus|Asia/Dhaka|Asia/Dili|Asia/Dubai|Asia/Dushanbe|Asia/Famagusta|Asia/Gaza|Asia/Harbin|Asia/Hebron|Asia/Ho_Chi_Minh|Asia/Hong_Kong|Asia/Hovd|Asia/Irkutsk|Asia/Istanbul|Asia/Jakarta|Asia/Jayapura|Asia/Jerusalem|Asia/Kabul|Asia/Kamchatka|Asia/Karachi|Asia/Kashgar|Asia/Kathmandu|Asia/Katmandu|Asia/Khandyga|Asia/Kolkata|Asia/Krasnoyarsk|Asia/Kuala_Lumpur|Asia/Kuching|Asia/Kuwait|Asia/Macao|Asia/Magadan|Asia/Makassar|Asia/Manila|Asia/Muscat|Asia/Nicosia|Asia/Novokuznetsk|Asia/Novosibirsk|Asia/Omsk|Asia/Oral|Asia/Phnom_Penh|Asia/Pontianak|Asia/Pyongyang|Asia/Qatar|Asia/Qostanay|Asia/Qyzylorda|Asia/Rangoon|Asia/Riyadh|Asia/Saigon|Asia/Sakhalin|Asia/Samarkand|Asia/Seoul|Asia/Shanghai|Asia/Singapore|Asia/Srednekolymsk|Asia/Taipei|Asia/Tashkent|Asia/Tbilisi|Asia/Tehran|Asia/Tel_Aviv|Asia/Thimbu|Asia/Thimphu|Asia/Tokyo|Asia/Tomsk|Asia/Ujung_Pandang|Asia/Ulaanbaatar|Asia/Ulan_Bator|Asia/Urumqi|Asia/Ust-Nera|Asia/Vientiane|Asia/Vladivostok|Asia/Yakutsk|Asia/Yangon|Asia/Yekaterinburg|Asia/Yerevan|Atlantic/Azores|Atlantic/Bermuda|Atlantic/Canary|Atlantic/Cape_Verde|Atlantic/Faeroe|Atlantic/Faroe|Atlantic/Jan_Mayen|Atlantic/Madeira|Atlantic/Reykjavik|Atlantic/South_Georgia|Atlantic/St_Helena|Atlantic/Stanley|Australia/ACT|Australia/Adelaide|Australia/Brisbane|Australia/Broken_Hill|Australia/Canberra|Australia/Currie|Australia/Darwin|Australia/Eucla|Australia/Hobart|Australia/LHI|Australia/Lindeman|Australia/Lord_Howe|Australia/Melbourne|Australia/NSW|Australia/North|Australia/Perth|Australia/Queensland|Australia/South|Australia/Sydney|Australia/Tasmania|Australia/Victoria|Australia/West|Australia/Yancowinna|Brazil/Acre|Brazil/DeNoronha|Brazil/East|Brazil/West|CET|CST6CDT|Canada/Atlantic|Canada/Central|Canada/Eastern|Canada/Mountain|Canada/Newfoundland|Canada/Pacific|Canada/Saskatchewan|Canada/Yukon|Chile/Continental|Chile/EasterIsland|Cuba|EET|EST|EST5EDT|Egypt|Eire|Etc/GMT|Etc/GMT+0|Etc/GMT+1|Etc/GMT+10|Etc/GMT+11|Etc/GMT+12|Etc/GMT+2|Etc/GMT+3|Etc/GMT+4|Etc/GMT+5|Etc/GMT+6|Etc/GMT+7|Etc/GMT+8|Etc/GMT+9|Etc/GMT-0|Etc/GMT-1|Etc/GMT-10|Etc/GMT-11|Etc/GMT-12|Etc/GMT-13|Etc/GMT-14|Etc/GMT-2|Etc/GMT-3|Etc/GMT-4|Etc/GMT-5|Etc/GMT-6|Etc/GMT-7|Etc/GMT-8|Etc/GMT-9|Etc/GMT0|Etc/Greenwich|Etc/UCT|Etc/UTC|Etc/Universal|Etc/Zulu|Europe/Amsterdam|Europe/Andorra|Europe/Astrakhan|Europe/Athens|Europe/Belfast|Europe/Belgrade|Europe/Berlin|Europe/Bratislava|Europe/Brussels|Europe/Bucharest|Europe/Budapest|Europe/Busingen|Europe/Chisinau|Europe/Copenhagen|Europe/Dublin|Europe/Gibraltar|Europe/Guernsey|Europe/Helsinki|Europe/Isle_of_Man|Europe/Istanbul|Europe/Jersey|Europe/Kaliningrad|Europe/Kiev|Europe/Kirov|Europe/Lisbon|Europe/Ljubljana|Europe/London|Europe/Luxembourg|Europe/Madrid|Europe/Malta|Europe/Mariehamn|Europe/Minsk|Europe/Monaco|Europe/Moscow|Europe/Nicosia|Europe/Oslo|Europe/Paris|Europe/Podgorica|Europe/Prague|Europe/Riga|Europe/Rome|Europe/Samara|Europe/San_Marino|Europe/Sarajevo|Europe/Saratov|Europe/Simferopol|Europe/Skopje|Europe/Sofia|Europe/Stockholm|Europe/Tallinn|Europe/Tirane|Europe/Tiraspol|Europe/Ulyanovsk|Europe/Uzhgorod|Europe/Vaduz|Europe/Vatican|Europe/Vienna|Europe/Vilnius|Europe/Volgograd|Europe/Warsaw|Europe/Zagreb|Europe/Zaporozhye|Europe/Zurich|GB|GB-Eire|GMT|GMT+0|GMT-0|GMT0|Greenwich|HST|Hongkong|Iceland|Indian/Antananarivo|Indian/Chagos|Indian/Christmas|Indian/Cocos|Indian/Comoro|Indian/Kerguelen|Indian/Mahe|Indian/Maldives|Indian/Mauritius|Indian/Mayotte|Indian/Reunion|Iran|Jamaica|Japan|Kwajalein|Libya|MET|MST|MST7MDT|Mexico/BajaNorte|Mexico/BajaSur|Mexico/General|NZ|NZ-CHAT|Navajo|PRC|PST8PDT|Pacific/Apia|Pacific/Auckland|Pacific/Bougainville|Pacific/Chatham|Pacific/Chuuk|Pacific/Easter|Pacific/Efate|Pacific/Enderbury|Pacific/Fakaofo|Pacific/Fiji|Pacific/Funafuti|Pacific/Galapagos|Pacific/Gambier|Pacific/Guadalcanal|Pacific/Guam|Pacific/Honolulu|Pacific/Johnston|Pacific/Kiritimati|Pacific/Kosrae|Pacific/Kwajalein|Pacific/Majuro|Pacific/Marquesas|Pacific/Midway|Pacific/Nauru|Pacific/Niue|Pacific/Norfolk|Pacific/Noumea|Pacific/Pago_Pago|Pacific/Palau|Pacific/Pitcairn|Pacific/Pohnpei|Pacific/Ponape|Pacific/Port_Moresby|Pacific/Rarotonga|Pacific/Saipan|Pacific/Samoa|Pacific/Tahiti|Pacific/Tarawa|Pacific/Tongatapu|Pacific/Truk|Pacific/Wake|Pacific/Wallis|Pacific/Yap|Poland|Portugal|ROK|Singapore|Turkey|UCT|US/Alaska|US/Aleutian|US/Arizona|US/Central|US/East-Indiana|US/Eastern|US/Hawaii|US/Indiana-Starke|US/Michigan|US/Mountain|US/Pacific|US/Pacific-New|US/Samoa|UTC|Universal|W-SU|WET|Zulu|SYSTEM"
              },
              {
                "description": "Maximum size of internal in-memory temporary tables. If an in-memory temporary table exceeds the limit, MySQL automatically converts it to an on-disk MyISAM table.",
                "name": "tmp_table_size",
                "readonly": false,
                "restart_required": false,
                "type": "integer",
                "value": "16777216",
                "value_range": "262144-134217728"
              },
              {
                "description": "Sets the default transaction isolation level.",
                "name": "transaction_isolation",
                "readonly": false,
                "restart_required": false,
                "type": "string",
                "value": "REPEATABLE-READ",
                "value_range": "READ-UNCOMMITTED|READ-COMMITTED|REPEATABLE-READ|SERIALIZABLE"
              },
              {
                "description": "Controls whether updates to a view can be made when the view does not contain all of the columns of the primary key defined in the underlying table, if the update statement contains a LIMIT clause (this is often generated by GUI tools).",
                "name": "updatable_views_with_limit",
                "readonly": false,
                "restart_required": false,
                "type": "string",
                "value": "YES",
                "value_range": "YES|NO"
              },
              {
                "description": "The minimum number of characters that validate_password requires passwords to have. The validate_password.length minimum value is a function of several other related system variables. The value cannot be set less than the value of this expression: validate_password.number_count + validate_password.special_char_count + (2 * validate_password.mixed_case_count)",
                "name": "validate_password.length",
                "readonly": false,
                "restart_required": false,
                "type": "integer",
                "value": "8",
                "value_range": "0-2147483647"
              },
              {
                "description": "Minimum number of lowercase and uppercase letters that validate_password requires passwords to have if validate_password_policy is set to MEDIUM or stronger.",
                "name": "validate_password.mixed_case_count",
                "readonly": false,
                "restart_required": false,
                "type": "integer",
                "value": "1",
                "value_range": "0-2147483647"
              },
              {
                "description": "Minimum number of digits that validate_password requires passwords to have if validate_password_policy is set to MEDIUM or stronger.",
                "name": "validate_password.number_count",
                "readonly": false,
                "restart_required": false,
                "type": "integer",
                "value": "1",
                "value_range": "0-2147483647"
              },
              {
                "description": "Password policy executed by validate_password. If this parameter is set to LOW, the system will check whether passwords satisfy the criteria of validate_password.length. If it is set to MEDIUM, the system will check whether passwords satisfy the criteria of validate_password.length, validate_password.number_count, validate_password.mixed_case_count, and validate_password.special_char_count. If it is set to STRONG, the system will check whether passwords satisfy the criteria of validate_password.length, validate_password.number_count, validate_password.mixed_case_count, validate_password.special_char_count, and validate_password.dictionary_file.",
                "name": "validate_password.policy",
                "readonly": false,
                "restart_required": false,
                "type": "string",
                "value": "LOW",
                "value_range": "LOW|MEDIUM|STRONG"
              },
              {
                "description": "Minimum number of non-alphanumeric characters that validate_password requires passwords to have if validate_password_policy is set to MEDIUM or stronger.",
                "name": "validate_password.special_char_count",
                "readonly": false,
                "restart_required": false,
                "type": "integer",
                "value": "1",
                "value_range": "0-2147483647"
              },
              {
                "description": "Number of seconds the server waits for activity on a non-interactive connection before closing it.",
                "name": "wait_timeout",
                "readonly": false,
                "restart_required": false,
                "type": "integer",
                "value": "28800",
                "value_range": "1-31536000"
              }
            ],
            "datastore": [
              {
                "type": "mysql",
                "version": "8.0"
              }
            ],
            "description": "",
            "id": "6dcc760eb15248ada938ba88144f666apr01",
            "name": "iaac-production-MySQL-8.0-rds-parametergroup",
            "region": null,
            "timeouts": null,
            "values": null
          },
          "sensitive_attributes": [],
          "private": "eyJlMmJmYjczMC1lY2FhLTExZTYtOGY4OC0zNDM2M2JjN2M0YzAiOnsiY3JlYXRlIjo2MDAwMDAwMDAwMDAsImRlbGV0ZSI6NjAwMDAwMDAwMDAwfX0=",
          "dependencies": [
            "module.vpc.huaweicloud_networking_secgroup.securitygroup",
            "module.vpc.huaweicloud_networking_secgroup_rule.allow_rules_egress",
            "module.vpc.huaweicloud_networking_secgroup_rule.allow_rules_ingress_elb",
            "module.vpc.huaweicloud_networking_secgroup_rule.allow_rules_ingress_main",
            "module.vpc.huaweicloud_vpc.vpc",
            "module.vpc.huaweicloud_vpc_subnet.subnet"
          ]
        }
      ]
    },
    {
      "module": "module.vpc",
      "mode": "managed",
      "type": "huaweicloud_networking_secgroup",
      "name": "securitygroup",
      "provider": "provider[\"registry.terraform.io/huaweicloud/huaweicloud\"]",
      "instances": [
        {
          "schema_version": 0,
          "attributes": {
            "created_at": "2023-10-13T00:20:01Z",
            "delete_default_rules": true,
            "description": "iaac-production security group",
            "enterprise_project_id": "0",
            "id": "e2e2a39e-f3e2-460a-9ec5-e3d41c3c0986",
            "name": "iaac-production-sg",
            "region": "la-north-2",
            "rules": [],
            "timeouts": null,
            "updated_at": "2023-10-13T00:20:01Z"
          },
          "sensitive_attributes": [],
          "private": "eyJlMmJmYjczMC1lY2FhLTExZTYtOGY4OC0zNDM2M2JjN2M0YzAiOnsiZGVsZXRlIjo2MDAwMDAwMDAwMDB9fQ=="
        }
      ]
    },
    {
      "module": "module.vpc",
      "mode": "managed",
      "type": "huaweicloud_networking_secgroup_rule",
      "name": "allow_rules_egress",
      "provider": "provider[\"registry.terraform.io/huaweicloud/huaweicloud\"]",
      "instances": [
        {
          "schema_version": 0,
          "attributes": {
            "action": "allow",
            "description": "",
            "direction": "egress",
            "ethertype": "IPv4",
            "id": "9e18f357-5093-4938-9957-2ab3bd488a1b",
            "port_range_max": 0,
            "port_range_min": 0,
            "ports": "",
            "priority": 1,
            "protocol": "",
            "region": "la-north-2",
            "remote_address_group_id": "",
            "remote_group_id": "",
            "remote_ip_prefix": "0.0.0.0/0",
            "security_group_id": "e2e2a39e-f3e2-460a-9ec5-e3d41c3c0986",
            "timeouts": null
          },
          "sensitive_attributes": [],
          "private": "eyJlMmJmYjczMC1lY2FhLTExZTYtOGY4OC0zNDM2M2JjN2M0YzAiOnsiZGVsZXRlIjo2MDAwMDAwMDAwMDB9fQ==",
          "dependencies": [
            "module.vpc.huaweicloud_networking_secgroup.securitygroup"
          ]
        }
      ]
    },
    {
      "module": "module.vpc",
      "mode": "managed",
      "type": "huaweicloud_networking_secgroup_rule",
      "name": "allow_rules_ingress_elb",
      "provider": "provider[\"registry.terraform.io/huaweicloud/huaweicloud\"]",
      "instances": [
        {
          "schema_version": 0,
          "attributes": {
            "action": "allow",
            "description": "DO NOT DELETE. For ELB Health Checking.",
            "direction": "ingress",
            "ethertype": "IPv4",
            "id": "fe87f5f0-0257-49eb-918c-668d3e22e36d",
            "port_range_max": 0,
            "port_range_min": 0,
            "ports": "",
            "priority": 1,
            "protocol": "",
            "region": "la-north-2",
            "remote_address_group_id": "",
            "remote_group_id": "",
            "remote_ip_prefix": "100.125.0.0/16",
            "security_group_id": "e2e2a39e-f3e2-460a-9ec5-e3d41c3c0986",
            "timeouts": null
          },
          "sensitive_attributes": [],
          "private": "eyJlMmJmYjczMC1lY2FhLTExZTYtOGY4OC0zNDM2M2JjN2M0YzAiOnsiZGVsZXRlIjo2MDAwMDAwMDAwMDB9fQ==",
          "dependencies": [
            "module.vpc.huaweicloud_networking_secgroup.securitygroup"
          ]
        }
      ]
    },
    {
      "module": "module.vpc",
      "mode": "managed",
      "type": "huaweicloud_networking_secgroup_rule",
      "name": "allow_rules_ingress_main",
      "provider": "provider[\"registry.terraform.io/huaweicloud/huaweicloud\"]",
      "instances": [
        {
          "index_key": "rule1",
          "schema_version": 0,
          "attributes": {
            "action": "allow",
            "description": "SSH Remotely Login from Internet for Linux",
            "direction": "ingress",
            "ethertype": "IPv4",
            "id": "57232986-34c3-4a7c-bd85-19c9cffa78a1",
            "port_range_max": 22,
            "port_range_min": 22,
            "ports": "22",
            "priority": 1,
            "protocol": "tcp",
            "region": "la-north-2",
            "remote_address_group_id": "",
            "remote_group_id": "",
            "remote_ip_prefix": "0.0.0.0/0",
            "security_group_id": "e2e2a39e-f3e2-460a-9ec5-e3d41c3c0986",
            "timeouts": null
          },
          "sensitive_attributes": [],
          "private": "eyJlMmJmYjczMC1lY2FhLTExZTYtOGY4OC0zNDM2M2JjN2M0YzAiOnsiZGVsZXRlIjo2MDAwMDAwMDAwMDB9fQ==",
          "dependencies": [
            "module.vpc.huaweicloud_networking_secgroup.securitygroup"
          ]
        },
        {
          "index_key": "rule2",
          "schema_version": 0,
          "attributes": {
            "action": "allow",
            "description": "RDP Remotely Login from Internet for Windows",
            "direction": "ingress",
            "ethertype": "IPv4",
            "id": "d453d008-a899-4005-a0a5-135afc541899",
            "port_range_max": 3389,
            "port_range_min": 3389,
            "ports": "3389",
            "priority": 1,
            "protocol": "tcp",
            "region": "la-north-2",
            "remote_address_group_id": "",
            "remote_group_id": "",
            "remote_ip_prefix": "0.0.0.0/0",
            "security_group_id": "e2e2a39e-f3e2-460a-9ec5-e3d41c3c0986",
            "timeouts": null
          },
          "sensitive_attributes": [],
          "private": "eyJlMmJmYjczMC1lY2FhLTExZTYtOGY4OC0zNDM2M2JjN2M0YzAiOnsiZGVsZXRlIjo2MDAwMDAwMDAwMDB9fQ==",
          "dependencies": [
            "module.vpc.huaweicloud_networking_secgroup.securitygroup"
          ]
        },
        {
          "index_key": "rule3",
          "schema_version": 0,
          "attributes": {
            "action": "allow",
            "description": "Access Webserver HTTP from Internet",
            "direction": "ingress",
            "ethertype": "IPv4",
            "id": "6e21e549-a441-4f6a-822a-2973989d06e4",
            "port_range_max": 80,
            "port_range_min": 80,
            "ports": "80",
            "priority": 1,
            "protocol": "tcp",
            "region": "la-north-2",
            "remote_address_group_id": "",
            "remote_group_id": "",
            "remote_ip_prefix": "0.0.0.0/0",
            "security_group_id": "e2e2a39e-f3e2-460a-9ec5-e3d41c3c0986",
            "timeouts": null
          },
          "sensitive_attributes": [],
          "private": "eyJlMmJmYjczMC1lY2FhLTExZTYtOGY4OC0zNDM2M2JjN2M0YzAiOnsiZGVsZXRlIjo2MDAwMDAwMDAwMDB9fQ==",
          "dependencies": [
            "module.vpc.huaweicloud_networking_secgroup.securitygroup"
          ]
        },
        {
          "index_key": "rule4",
          "schema_version": 0,
          "attributes": {
            "action": "allow",
            "description": "Access Webserver HTTPs from Internet",
            "direction": "ingress",
            "ethertype": "IPv4",
            "id": "01d53391-de3b-4292-9822-16ea3e53391b",
            "port_range_max": 443,
            "port_range_min": 443,
            "ports": "443",
            "priority": 1,
            "protocol": "tcp",
            "region": "la-north-2",
            "remote_address_group_id": "",
            "remote_group_id": "",
            "remote_ip_prefix": "0.0.0.0/0",
            "security_group_id": "e2e2a39e-f3e2-460a-9ec5-e3d41c3c0986",
            "timeouts": null
          },
          "sensitive_attributes": [],
          "private": "eyJlMmJmYjczMC1lY2FhLTExZTYtOGY4OC0zNDM2M2JjN2M0YzAiOnsiZGVsZXRlIjo2MDAwMDAwMDAwMDB9fQ==",
          "dependencies": [
            "module.vpc.huaweicloud_networking_secgroup.securitygroup"
          ]
        },
        {
          "index_key": "rule5",
          "schema_version": 0,
          "attributes": {
            "action": "allow",
            "description": "Access RDS from the VPC CIDR",
            "direction": "ingress",
            "ethertype": "IPv4",
            "id": "67ecd174-3630-4cc5-9af7-f15641dc556b",
            "port_range_max": 3306,
            "port_range_min": 3306,
            "ports": "3306",
            "priority": 1,
            "protocol": "tcp",
            "region": "la-north-2",
            "remote_address_group_id": "",
            "remote_group_id": "",
            "remote_ip_prefix": "10.10.0.0/16",
            "security_group_id": "e2e2a39e-f3e2-460a-9ec5-e3d41c3c0986",
            "timeouts": null
          },
          "sensitive_attributes": [],
          "private": "eyJlMmJmYjczMC1lY2FhLTExZTYtOGY4OC0zNDM2M2JjN2M0YzAiOnsiZGVsZXRlIjo2MDAwMDAwMDAwMDB9fQ==",
          "dependencies": [
            "module.vpc.huaweicloud_networking_secgroup.securitygroup"
          ]
        },
        {
          "index_key": "rule6",
          "schema_version": 0,
          "attributes": {
            "action": "allow",
            "description": "Access VPC from the VPC CIDR",
            "direction": "ingress",
            "ethertype": "IPv4",
            "id": "68a6f06f-682f-4217-8e69-53ceb497d630",
            "port_range_max": 6379,
            "port_range_min": 6379,
            "ports": "6379",
            "priority": 1,
            "protocol": "tcp",
            "region": "la-north-2",
            "remote_address_group_id": "",
            "remote_group_id": "",
            "remote_ip_prefix": "10.10.0.0/16",
            "security_group_id": "e2e2a39e-f3e2-460a-9ec5-e3d41c3c0986",
            "timeouts": null
          },
          "sensitive_attributes": [],
          "private": "eyJlMmJmYjczMC1lY2FhLTExZTYtOGY4OC0zNDM2M2JjN2M0YzAiOnsiZGVsZXRlIjo2MDAwMDAwMDAwMDB9fQ==",
          "dependencies": [
            "module.vpc.huaweicloud_networking_secgroup.securitygroup"
          ]
        },
        {
          "index_key": "rule7",
          "schema_version": 0,
          "attributes": {
            "action": "allow",
            "description": "Access node webpage from Internet",
            "direction": "ingress",
            "ethertype": "IPv4",
            "id": "f6490de6-da51-4bfe-a20d-cacdd49ca00e",
            "port_range_max": 3000,
            "port_range_min": 3000,
            "ports": "3000",
            "priority": 1,
            "protocol": "tcp",
            "region": "la-north-2",
            "remote_address_group_id": "",
            "remote_group_id": "",
            "remote_ip_prefix": "0.0.0.0/0",
            "security_group_id": "e2e2a39e-f3e2-460a-9ec5-e3d41c3c0986",
            "timeouts": null
          },
          "sensitive_attributes": [],
          "private": "eyJlMmJmYjczMC1lY2FhLTExZTYtOGY4OC0zNDM2M2JjN2M0YzAiOnsiZGVsZXRlIjo2MDAwMDAwMDAwMDB9fQ==",
          "dependencies": [
            "module.vpc.huaweicloud_networking_secgroup.securitygroup"
          ]
        }
      ]
    },
    {
      "module": "module.vpc",
      "mode": "managed",
      "type": "huaweicloud_vpc",
      "name": "vpc",
      "provider": "provider[\"registry.terraform.io/huaweicloud/huaweicloud\"]",
      "instances": [
        {
          "schema_version": 0,
          "attributes": {
            "cidr": "10.10.0.0/16",
            "description": "",
            "enterprise_project_id": "0",
            "id": "16c4f6a6-7030-4118-994b-58b76f3b4d69",
            "name": "vpc_iaac",
            "region": "la-north-2",
            "routes": [],
            "secondary_cidr": null,
            "status": "OK",
            "tags": null,
            "timeouts": null
          },
          "sensitive_attributes": [],
          "private": "eyJlMmJmYjczMC1lY2FhLTExZTYtOGY4OC0zNDM2M2JjN2M0YzAiOnsiY3JlYXRlIjo2MDAwMDAwMDAwMDAsImRlbGV0ZSI6MTgwMDAwMDAwMDAwfX0="
        }
      ]
    },
    {
      "module": "module.vpc",
      "mode": "managed",
      "type": "huaweicloud_vpc_subnet",
      "name": "subnet",
      "provider": "provider[\"registry.terraform.io/huaweicloud/huaweicloud\"]",
      "instances": [
        {
          "schema_version": 0,
          "attributes": {
            "availability_zone": "",
            "cidr": "10.10.1.0/24",
            "description": "",
            "dhcp_enable": true,
            "dns_list": [
              "100.125.1.250",
              "100.125.1.242"
            ],
            "gateway_ip": "10.10.1.1",
            "id": "a1788a12-d676-4790-876d-d0f8636c44e5",
            "ipv6_cidr": "",
            "ipv6_enable": false,
            "ipv6_gateway": "",
            "ipv6_subnet_id": "",
            "name": "subnet_iaac",
            "primary_dns": "100.125.1.250",
            "region": "la-north-2",
            "secondary_dns": "100.125.1.242",
            "subnet_id": "da7effc6-f411-4280-87fe-8f9fe65d8c59",
            "tags": null,
            "timeouts": null,
            "vpc_id": "16c4f6a6-7030-4118-994b-58b76f3b4d69"
          },
          "sensitive_attributes": [],
          "private": "eyJlMmJmYjczMC1lY2FhLTExZTYtOGY4OC0zNDM2M2JjN2M0YzAiOnsiY3JlYXRlIjozMDAwMDAwMDAwMDAsImRlbGV0ZSI6MzAwMDAwMDAwMDAwfX0=",
          "dependencies": [
            "module.vpc.huaweicloud_vpc.vpc"
          ]
        }
      ]
    }
  ],
  "check_results": null
}
