{
  "version": 4,
  "terraform_version": "1.6.1",
  "serial": 2711,
  "lineage": "abb9175c-0ab3-0e1b-5d4d-d2e6337603f4",
  "outputs": {},
  "resources": [
    {
      "module": "module.ecs_image",
      "mode": "data",
      "type": "huaweicloud_availability_zones",
      "name": "zones",
      "provider": "provider[\"registry.terraform.io/huaweicloud/huaweicloud\"]",
      "instances": [
        {
          "schema_version": 0,
          "attributes": {
            "id": "1504035816",
            "names": [
              "la-north-2a",
              "la-north-2c"
            ],
            "region": "la-north-2",
            "state": "available"
          },
          "sensitive_attributes": []
        }
      ]
    },
    {
      "module": "module.ecs_image",
      "mode": "data",
      "type": "huaweicloud_compute_flavors",
      "name": "flavors",
      "provider": "provider[\"registry.terraform.io/huaweicloud/huaweicloud\"]",
      "instances": [
        {
          "schema_version": 0,
          "attributes": {
            "availability_zone": "la-north-2a",
            "cpu_core_count": 1,
            "generation": "s6",
            "id": "1777941028",
            "ids": [
              "s6.medium.2",
              "t6.medium.2"
            ],
            "memory_size": 2,
            "performance_type": null,
            "region": "la-north-2"
          },
          "sensitive_attributes": []
        }
      ]
    },
    {
      "module": "module.ecs_image",
      "mode": "data",
      "type": "huaweicloud_compute_instances",
      "name": "ecs_instances",
      "provider": "provider[\"registry.terraform.io/huaweicloud/huaweicloud\"]",
      "instances": [
        {
          "schema_version": 0,
          "attributes": {
            "availability_zone": null,
            "enterprise_project_id": null,
            "flavor_id": null,
            "flavor_name": null,
            "id": "878669259",
            "image_id": null,
            "instances": [
              {
                "availability_zone": "la-north-2a",
                "enterprise_project_id": "0",
                "flavor_id": "s6.large.2",
                "flavor_name": "s6.large.2",
                "id": "0e6b5d01-136a-428a-94e7-ced850784d8e",
                "image_id": "67c29d17-33bd-43f0-a17b-ed2015798bb8",
                "key_pair": "",
                "name": "ecs-ecommerce",
                "scheduler_hints": [],
                "security_group_ids": [
                  "f4ad15a9-c2cc-4285-801a-8abd2f996b6a"
                ],
                "status": "ACTIVE",
                "tags": {},
                "user_data": "IyEvYmluL2Jhc2gKZWNobyAncm9vdDokNiRwNm5YQWZtMSRtWWtJdUllSXZxVXhlcjZSeXNScG9rb2k3OFZPTjM2MlI1WnFtc2FpTUJiTzBRSDZtTk5Nd29ZY3p5dG0waXUuUnc2Z3JIa0plRmtkT0xDQ1NNL2djMCcgfCBjaHBhc3N3ZCAtZTs=",
                "volume_attached": [
                  {
                    "is_sys_volume": true,
                    "volume_id": "964b049a-358b-4872-8039-5a7d5b208f6c"
                  }
                ]
              },
              {
                "availability_zone": "la-north-2a",
                "enterprise_project_id": "0",
                "flavor_id": "s6.xlarge.2",
                "flavor_name": "s6.xlarge.2",
                "id": "94d19d26-6afa-4cc2-a3ad-fa23e10ec969",
                "image_id": "67c29d17-33bd-43f0-a17b-ed2015798bb8",
                "key_pair": "",
                "name": "ecs-mex-2",
                "scheduler_hints": [],
                "security_group_ids": [
                  "f4ad15a9-c2cc-4285-801a-8abd2f996b6a"
                ],
                "status": "ACTIVE",
                "tags": {},
                "user_data": "IyEvYmluL2Jhc2gKZWNobyAncm9vdDokNiRXTE1PRnhHZyRBSU5ENDFqSVExcWRYc3pqb3pFdWtSWDB4dkNuMzBUZEZRclhhdVA1aTRqUjh0Um9veTc0QXhzaHkvNG8yNFJSVjEvSTB5c0U4bi5SSjdOWHhNZUZhLicgfCBjaHBhc3N3ZCAtZTs=",
                "volume_attached": [
                  {
                    "is_sys_volume": true,
                    "volume_id": "624f63b3-757e-4fc6-8626-242c70d8d3da"
                  }
                ]
              }
            ],
            "key_pair": null,
            "name": null,
            "region": "la-north-2",
            "status": null
          },
          "sensitive_attributes": []
        }
      ]
    },
    {
      "module": "module.ecs_image",
      "mode": "data",
      "type": "huaweicloud_images_image",
      "name": "ecs_image",
      "provider": "provider[\"registry.terraform.io/huaweicloud/huaweicloud\"]",
      "instances": [
        {
          "schema_version": 0,
          "attributes": {
            "architecture": null,
            "checksum": "d41d8cd98f00b204e9800998ecf8427e",
            "container_format": "bare",
            "created_at": "2021-03-27T06:19:25Z",
            "disk_format": "zvhd2",
            "enterprise_project_id": "",
            "file": "/v2/images/f851ccbe-1374-4d76-a395-bc9daa4867f0/file",
            "id": "f851ccbe-1374-4d76-a395-bc9daa4867f0",
            "image_type": "FusionCompute",
            "metadata": null,
            "min_disk_gb": 40,
            "min_ram_mb": 1024,
            "most_recent": true,
            "name": "Debian 10.0.0 64bit",
            "name_regex": null,
            "os": "Debian",
            "os_version": "Debian GNU/Linux 10.0.0 64bit",
            "owner": "0bd851b3d400f4c42f24c000afc72098",
            "protected": true,
            "region": null,
            "schema": "/v2/schemas/image",
            "size_bytes": 1301749760,
            "size_max": null,
            "size_min": null,
            "sort_direction": "asc",
            "sort_key": "name",
            "status": "active",
            "tag": null,
            "updated_at": "2023-08-23T07:08:12Z",
            "visibility": "public"
          },
          "sensitive_attributes": []
        }
      ]
    },
    {
      "module": "module.ecs_image",
      "mode": "data",
      "type": "huaweicloud_networking_secgroup",
      "name": "securitygroup",
      "provider": "provider[\"registry.terraform.io/huaweicloud/huaweicloud\"]",
      "instances": [
        {
          "schema_version": 0,
          "attributes": {
            "created_at": "2023-10-17T20:01:41Z",
            "description": "iaac-production security group",
            "enterprise_project_id": null,
            "id": "0d2ede9f-d0e9-42eb-abf8-6abce9ae2581",
            "name": "iaac-production-sg",
            "region": "la-north-2",
            "rules": [
              {
                "action": "allow",
                "description": "RDP Remotely Login from Internet for Windows",
                "direction": "ingress",
                "ethertype": "IPv4",
                "id": "01dfe054-82e3-453b-878f-52699efef413",
                "port_range_max": 3389,
                "port_range_min": 3389,
                "ports": "3389",
                "priority": 1,
                "protocol": "tcp",
                "remote_address_group_id": "",
                "remote_group_id": "",
                "remote_ip_prefix": "0.0.0.0/0"
              },
              {
                "action": "allow",
                "description": "Access VPC from the VPC CIDR",
                "direction": "ingress",
                "ethertype": "IPv4",
                "id": "3ed7b697-e1c3-4ca1-ba15-45a4e642bbfd",
                "port_range_max": 6379,
                "port_range_min": 6379,
                "ports": "6379",
                "priority": 1,
                "protocol": "tcp",
                "remote_address_group_id": "",
                "remote_group_id": "",
                "remote_ip_prefix": "10.10.0.0/16"
              },
              {
                "action": "allow",
                "description": "DO NOT DELETE. For ELB Health Checking.",
                "direction": "ingress",
                "ethertype": "IPv4",
                "id": "3febfabc-7416-446c-8f76-3def0f7f0617",
                "port_range_max": 0,
                "port_range_min": 0,
                "ports": "",
                "priority": 1,
                "protocol": "",
                "remote_address_group_id": "",
                "remote_group_id": "",
                "remote_ip_prefix": "100.125.0.0/16"
              },
              {
                "action": "allow",
                "description": "Access Webserver HTTPs from Internet",
                "direction": "ingress",
                "ethertype": "IPv4",
                "id": "40e86308-8545-4206-82b2-36534639d3b9",
                "port_range_max": 443,
                "port_range_min": 443,
                "ports": "443",
                "priority": 1,
                "protocol": "tcp",
                "remote_address_group_id": "",
                "remote_group_id": "",
                "remote_ip_prefix": "0.0.0.0/0"
              },
              {
                "action": "allow",
                "description": "",
                "direction": "egress",
                "ethertype": "IPv4",
                "id": "6fd3e51f-87c1-416e-ae8a-a009504301f6",
                "port_range_max": 0,
                "port_range_min": 0,
                "ports": "",
                "priority": 1,
                "protocol": "",
                "remote_address_group_id": "",
                "remote_group_id": "",
                "remote_ip_prefix": "0.0.0.0/0"
              },
              {
                "action": "allow",
                "description": "SSH Remotely Login from Internet for Linux",
                "direction": "ingress",
                "ethertype": "IPv4",
                "id": "8362d971-a4c0-4b2d-a274-cb1b9d28a857",
                "port_range_max": 22,
                "port_range_min": 22,
                "ports": "22",
                "priority": 1,
                "protocol": "tcp",
                "remote_address_group_id": "",
                "remote_group_id": "",
                "remote_ip_prefix": "0.0.0.0/0"
              },
              {
                "action": "allow",
                "description": "Access Webserver HTTP from Internet",
                "direction": "ingress",
                "ethertype": "IPv4",
                "id": "89bd3c09-100e-41c3-84f3-5cc9d26831a5",
                "port_range_max": 80,
                "port_range_min": 80,
                "ports": "80",
                "priority": 1,
                "protocol": "tcp",
                "remote_address_group_id": "",
                "remote_group_id": "",
                "remote_ip_prefix": "0.0.0.0/0"
              },
              {
                "action": "allow",
                "description": "Access RDS from the VPC CIDR",
                "direction": "ingress",
                "ethertype": "IPv4",
                "id": "c0e55eed-1794-4944-bb9e-68bbb3750c32",
                "port_range_max": 3306,
                "port_range_min": 3306,
                "ports": "3306",
                "priority": 1,
                "protocol": "tcp",
                "remote_address_group_id": "",
                "remote_group_id": "",
                "remote_ip_prefix": "10.10.0.0/16"
              },
              {
                "action": "allow",
                "description": "Access node webpage from Internet",
                "direction": "ingress",
                "ethertype": "IPv4",
                "id": "d0fa0d1d-43ce-4f65-a4e3-802f69d5c1b5",
                "port_range_max": 3000,
                "port_range_min": 3000,
                "ports": "3000",
                "priority": 1,
                "protocol": "tcp",
                "remote_address_group_id": "",
                "remote_group_id": "",
                "remote_ip_prefix": "0.0.0.0/0"
              }
            ],
            "secgroup_id": null,
            "updated_at": "2023-10-17T20:01:41Z"
          },
          "sensitive_attributes": []
        }
      ]
    },
    {
      "module": "module.ecs_image",
      "mode": "data",
      "type": "huaweicloud_vpc_subnet",
      "name": "subnet",
      "provider": "provider[\"registry.terraform.io/huaweicloud/huaweicloud\"]",
      "instances": [
        {
          "schema_version": 0,
          "attributes": {
            "availability_zone": "",
            "cidr": "10.10.1.0/24",
            "description": "",
            "dhcp_enable": true,
            "dns_list": [
              "100.125.1.242",
              "100.125.1.250"
            ],
            "gateway_ip": "10.10.1.1",
            "id": "22af6b9e-d00a-47f6-bbe9-8db7a8ab66f5",
            "ipv6_cidr": "",
            "ipv6_enable": false,
            "ipv6_gateway": "",
            "ipv6_subnet_id": "",
            "name": "subnet_iaac",
            "primary_dns": "100.125.1.250",
            "region": "la-north-2",
            "secondary_dns": "100.125.1.242",
            "status": "ACTIVE",
            "subnet_id": "60d03e64-77d4-4d30-a258-7fb5e95a3beb",
            "vpc_id": "65b8a33d-57a3-4e2d-ac0c-8a55c3f1f867"
          },
          "sensitive_attributes": []
        }
      ]
    },
    {
      "module": "module.ecs_image",
      "mode": "managed",
      "type": "huaweicloud_compute_instance",
      "name": "ecs_generic_instance",
      "provider": "provider[\"registry.terraform.io/huaweicloud/huaweicloud\"]",
      "instances": [
        {
          "schema_version": 0,
          "attributes": {
            "access_ip_v4": "10.10.1.42",
            "access_ip_v6": "",
            "admin_pass": null,
            "agency_name": "",
            "agent_list": "",
            "auto_pay": null,
            "auto_renew": null,
            "availability_zone": "la-north-2a",
            "bandwidth": [],
            "block_device": [],
            "charging_mode": "postPaid",
            "data_disks": [],
            "delete_disks_on_termination": true,
            "delete_eip_on_termination": true,
            "eip_id": null,
            "eip_type": null,
            "enterprise_project_id": "0",
            "flavor_id": "s6.medium.2",
            "flavor_name": "s6.medium.2",
            "id": "fb77b995-96d1-49ad-a921-ef9fb46ed563",
            "image_id": "f851ccbe-1374-4d76-a395-bc9daa4867f0",
            "image_name": "Debian 10.0.0 64bit",
            "key_pair": "la-north-2-keypair",
            "metadata": null,
            "name": "iaac-production-ecs",
            "network": [
              {
                "access_network": false,
                "fixed_ip_v4": "10.10.1.42",
                "fixed_ip_v6": "",
                "ipv6_enable": false,
                "mac": "fa:16:3e:71:68:91",
                "port": "d8e868a0-7493-433b-9e0e-c0b80e1a3f42",
                "source_dest_check": true,
                "uuid": "22af6b9e-d00a-47f6-bbe9-8db7a8ab66f5"
              }
            ],
            "period": null,
            "period_unit": null,
            "power_action": null,
            "public_ip": null,
            "region": "la-north-2",
            "scheduler_hints": [],
            "security_group_ids": [
              "0d2ede9f-d0e9-42eb-abf8-6abce9ae2581"
            ],
            "security_groups": [
              "iaac-production-sg"
            ],
            "status": "ACTIVE",
            "stop_before_destroy": false,
            "system_disk_id": "c9190cd5-9f6b-453f-946f-d638061057ed",
            "system_disk_size": 40,
            "system_disk_type": "GPSSD",
            "tags": null,
            "timeouts": null,
            "user_data": "be9faeae330eec91253b597c84e6b3036a06875e",
            "user_id": null,
            "volume_attached": [
              {
                "boot_index": 0,
                "pci_address": "0000:02:01.0",
                "size": 40,
                "type": "GPSSD",
                "volume_id": "c9190cd5-9f6b-453f-946f-d638061057ed"
              }
            ]
          },
          "sensitive_attributes": [],
          "private": "eyJlMmJmYjczMC1lY2FhLTExZTYtOGY4OC0zNDM2M2JjN2M0YzAiOnsiY3JlYXRlIjoxODAwMDAwMDAwMDAwLCJkZWxldGUiOjE4MDAwMDAwMDAwMDAsInVwZGF0ZSI6MTgwMDAwMDAwMDAwMH19",
          "dependencies": [
            "module.ecs_image.data.huaweicloud_compute_flavors.flavors",
            "module.ecs_image.data.huaweicloud_images_image.ecs_image",
            "module.ecs_image.data.huaweicloud_networking_secgroup.securitygroup",
            "module.ecs_image.data.huaweicloud_vpc_subnet.subnet",
            "module.ecs_image.huaweicloud_compute_keypair.keypair",
            "module.rds_mysql.data.huaweicloud_availability_zones.zones",
            "module.rds_mysql.data.huaweicloud_networking_secgroup.securitygroup",
            "module.rds_mysql.data.huaweicloud_rds_flavors.flavor",
            "module.rds_mysql.data.huaweicloud_vpc.vpc",
            "module.rds_mysql.data.huaweicloud_vpc_subnet.subnet",
            "module.rds_mysql.huaweicloud_rds_instance.single_instance",
            "module.vpc.huaweicloud_networking_secgroup.securitygroup",
            "module.vpc.huaweicloud_networking_secgroup_rule.allow_rules_egress",
            "module.vpc.huaweicloud_networking_secgroup_rule.allow_rules_ingress_elb",
            "module.vpc.huaweicloud_networking_secgroup_rule.allow_rules_ingress_main",
            "module.vpc.huaweicloud_vpc.vpc",
            "module.vpc.huaweicloud_vpc_subnet.subnet"
          ]
        }
      ]
    },
    {
      "module": "module.ecs_image",
      "mode": "managed",
      "type": "huaweicloud_compute_keypair",
      "name": "keypair",
      "provider": "provider[\"registry.terraform.io/huaweicloud/huaweicloud\"]",
      "instances": [
        {
          "schema_version": 0,
          "attributes": {
            "id": "la-north-2-keypair",
            "key_file": null,
            "name": "la-north-2-keypair",
            "public_key": "ssh-rsa AAAAB3NzaC1yc2EAAAADAQABAAABgQC4Vki3nRuWj7dPqu3/A9s+/mgGNv1G5CZ3L4piHoaaAFG0XskjF2lWY7jN8L9avPnmCvWFz4lBFWwZTWPpOmG9eArHMWSPlhfsvx46HX4gPhLTO3sVhGyG8ilMAwzeKnSn5HLu/9A4h8vZBJlQLpJi/tXvQdcvEKGOI6CgvERCUddRwsds0c4+068PV1igHnD5Z8LWAOwjeu0NYiLMDSjQeJ6vJ+n9XJ3n5Mb8Sg/wGmusNzvVkZYFWcmbvkP7/B0hlKPXvj/adizTDy1ocuJkcyfdE7v5K3pLoZQNgsZj9BVS9fli7rMGkV505Gwd99BP+FYBaBkZSN/ubOkGo3I2PL5UclgR5KPiwc2kIt41aAsHfeNsyZtdPJSocKYP8xAkTTe91Dlj5/vHR3Op1BlMCtXGkUAZjTdvt0JoYsxeNT6yvGSLfzt4AOHbBJGGpualNihO8KVBbnF45OBiPVJRqhO5GvljbVgTGdc6wlaLnd5RlKhvN1+l0jMOGn+ffKM= china\\n84147526@N84147526A\r\n",
            "region": "la-north-2"
          },
          "sensitive_attributes": [],
          "private": "bnVsbA==",
          "dependencies": [
            "module.rds_mysql.data.huaweicloud_availability_zones.zones",
            "module.rds_mysql.data.huaweicloud_networking_secgroup.securitygroup",
            "module.rds_mysql.data.huaweicloud_rds_flavors.flavor",
            "module.rds_mysql.data.huaweicloud_vpc.vpc",
            "module.rds_mysql.data.huaweicloud_vpc_subnet.subnet",
            "module.rds_mysql.huaweicloud_rds_instance.single_instance",
            "module.vpc.huaweicloud_networking_secgroup.securitygroup",
            "module.vpc.huaweicloud_networking_secgroup_rule.allow_rules_egress",
            "module.vpc.huaweicloud_networking_secgroup_rule.allow_rules_ingress_elb",
            "module.vpc.huaweicloud_networking_secgroup_rule.allow_rules_ingress_main",
            "module.vpc.huaweicloud_vpc.vpc",
            "module.vpc.huaweicloud_vpc_subnet.subnet"
          ]
        }
      ]
    },
    {
      "module": "module.ecs_image",
      "mode": "managed",
      "type": "huaweicloud_vpc_eip",
      "name": "instance_eip",
      "provider": "provider[\"registry.terraform.io/huaweicloud/huaweicloud\"]",
      "instances": [
        {
          "index_key": 0,
          "schema_version": 0,
          "attributes": {
            "address": "122.8.187.37",
            "auto_pay": null,
            "auto_renew": null,
            "bandwidth": [
              {
                "charge_mode": "traffic",
                "id": "26a346fd-0f43-4493-909f-75d78d4a631d",
                "name": "iaac",
                "share_type": "PER",
                "size": 50
              }
            ],
            "charging_mode": null,
            "enterprise_project_id": "0",
            "id": "546331f7-5f17-416c-86fa-02c8dd00fbcf",
            "ipv6_address": "",
            "name": "",
            "period": null,
            "period_unit": null,
            "port_id": "",
            "private_ip": "",
            "publicip": [
              {
                "ip_address": "122.8.187.37",
                "ip_version": 4,
                "port_id": "",
                "type": "5_bgp"
              }
            ],
            "region": "la-north-2",
            "status": "UNBOUND",
            "tags": null,
            "timeouts": null
          },
          "sensitive_attributes": [],
          "private": "eyJlMmJmYjczMC1lY2FhLTExZTYtOGY4OC0zNDM2M2JjN2M0YzAiOnsiY3JlYXRlIjo2MDAwMDAwMDAwMDAsImRlbGV0ZSI6NjAwMDAwMDAwMDAwLCJ1cGRhdGUiOjMwMDAwMDAwMDAwMH19",
          "dependencies": [
            "module.rds_mysql.data.huaweicloud_availability_zones.zones",
            "module.rds_mysql.data.huaweicloud_networking_secgroup.securitygroup",
            "module.rds_mysql.data.huaweicloud_rds_flavors.flavor",
            "module.rds_mysql.data.huaweicloud_vpc.vpc",
            "module.rds_mysql.data.huaweicloud_vpc_subnet.subnet",
            "module.rds_mysql.huaweicloud_rds_instance.single_instance",
            "module.vpc.huaweicloud_networking_secgroup.securitygroup",
            "module.vpc.huaweicloud_networking_secgroup_rule.allow_rules_egress",
            "module.vpc.huaweicloud_networking_secgroup_rule.allow_rules_ingress_elb",
            "module.vpc.huaweicloud_networking_secgroup_rule.allow_rules_ingress_main",
            "module.vpc.huaweicloud_vpc.vpc",
            "module.vpc.huaweicloud_vpc_subnet.subnet"
          ]
        }
      ]
    },
    {
      "module": "module.ecs_image",
      "mode": "managed",
      "type": "huaweicloud_vpc_eip_associate",
      "name": "associated",
      "provider": "provider[\"registry.terraform.io/huaweicloud/huaweicloud\"]",
      "instances": [
        {
          "index_key": 0,
          "schema_version": 0,
          "attributes": {
            "fixed_ip": "10.10.1.42",
            "id": "546331f7-5f17-416c-86fa-02c8dd00fbcf",
            "mac_address": "fa:16:3e:71:68:91",
            "network_id": "22af6b9e-d00a-47f6-bbe9-8db7a8ab66f5",
            "port_id": "d8e868a0-7493-433b-9e0e-c0b80e1a3f42",
            "public_ip": "122.8.187.37",
            "region": "la-north-2",
            "status": "BOUND",
            "timeouts": null
          },
          "sensitive_attributes": [],
          "private": "eyJlMmJmYjczMC1lY2FhLTExZTYtOGY4OC0zNDM2M2JjN2M0YzAiOnsiY3JlYXRlIjozMDAwMDAwMDAwMDAsImRlbGV0ZSI6MzAwMDAwMDAwMDAwfX0=",
          "dependencies": [
            "module.ecs_image.data.huaweicloud_compute_flavors.flavors",
            "module.ecs_image.data.huaweicloud_images_image.ecs_image",
            "module.ecs_image.data.huaweicloud_networking_secgroup.securitygroup",
            "module.ecs_image.data.huaweicloud_vpc_subnet.subnet",
            "module.ecs_image.huaweicloud_compute_instance.ecs_generic_instance",
            "module.ecs_image.huaweicloud_compute_keypair.keypair",
            "module.ecs_image.huaweicloud_vpc_eip.instance_eip",
            "module.rds_mysql.data.huaweicloud_availability_zones.zones",
            "module.rds_mysql.data.huaweicloud_networking_secgroup.securitygroup",
            "module.rds_mysql.data.huaweicloud_rds_flavors.flavor",
            "module.rds_mysql.data.huaweicloud_vpc.vpc",
            "module.rds_mysql.data.huaweicloud_vpc_subnet.subnet",
            "module.rds_mysql.huaweicloud_rds_instance.single_instance",
            "module.vpc.huaweicloud_networking_secgroup.securitygroup",
            "module.vpc.huaweicloud_networking_secgroup_rule.allow_rules_egress",
            "module.vpc.huaweicloud_networking_secgroup_rule.allow_rules_ingress_elb",
            "module.vpc.huaweicloud_networking_secgroup_rule.allow_rules_ingress_main",
            "module.vpc.huaweicloud_vpc.vpc",
            "module.vpc.huaweicloud_vpc_subnet.subnet"
          ]
        }
      ]
    },
    {
      "module": "module.provision_remote_exec_image",
      "mode": "data",
      "type": "huaweicloud_compute_instance",
      "name": "ecs_generic_instance",
      "provider": "provider[\"registry.terraform.io/huaweicloud/huaweicloud\"]",
      "instances": [
        {
          "schema_version": 0,
          "attributes": {
            "availability_zone": "la-north-2a",
            "enterprise_project_id": "0",
            "fixed_ip_v4": null,
            "flavor_id": "s6.medium.2",
            "flavor_name": "s6.medium.2",
            "id": "fb77b995-96d1-49ad-a921-ef9fb46ed563",
            "image_id": "f851ccbe-1374-4d76-a395-bc9daa4867f0",
            "image_name": "Debian 10.0.0 64bit",
            "key_pair": "la-north-2-keypair",
            "name": "iaac-production-ecs",
            "network": [
              {
                "fixed_ip_v4": "10.10.1.42",
                "fixed_ip_v6": "",
                "mac": "fa:16:3e:71:68:91",
                "port": "d8e868a0-7493-433b-9e0e-c0b80e1a3f42",
                "uuid": "22af6b9e-d00a-47f6-bbe9-8db7a8ab66f5"
              }
            ],
            "public_ip": "122.8.187.37",
            "region": "la-north-2",
            "scheduler_hints": [],
            "security_group_ids": [
              "0d2ede9f-d0e9-42eb-abf8-6abce9ae2581"
            ],
            "security_groups": [
              "iaac-production-sg"
            ],
            "status": "ACTIVE",
            "system_disk_id": "c9190cd5-9f6b-453f-946f-d638061057ed",
            "tags": null,
            "user_data": "IyEvYmluL2Jhc2gNCmVjaG8gJyMhL2Jpbi9iYXNoDQpleHBvcnQgT1VUTE9HPSIvdmFyL2xvZy9hdXRvLWluc3RhbGxhdGlvbi1sb2cubG9nIg0KZXhwb3J0IERFQklBTl9GUk9OVEVORD1ub25pbnRlcmFjdGl2ZQ0KDQojIyMjIyBTVEFSVCBJRiAjIyMjIyMjIyMjIyMjIyMjIyMjIyMjIyMjIyMjIyMjIyMjIyMjIyMjIyMjIyMjIyMjIyMjIyMjIyMjIyMjIyMjIyMjIyMjIyMjIyMjIyMjIyMjIyMjIyMjIyMjIyMjIyMjIyMjIyMjIyMjIyMjIyMjIyMjIyMjIyMjIyMjIyMjIyMjIyMjIyMjIyMjIyMNCmlmIGNhdCAvZXRjLypyZWxlYXNlIHwgZ3JlcCBeUFJFVFRZX05BTUUgfCBncmVwICJEZWJpYW4gR05VL0xpbnV4IDEwIiA+IC9kZXYvbnVsbCA7IHRoZW4NCiMjIyMjIyMjIElGIFRIRSBPUyBWRVJTSU9OIElTIERFQklBTiAxMCwgdGhlbiBleGVjdXRlIHRoZSBmb2xsb3dpbmcgY29tbWFuZHMuICMjIyMjIyMjIyMjIyMjIyMjIyMjIyMjIyMjIyMjIyMjIyMjIyMjIyMjIyMjIyMjIyMjIyMjIyMjIyMjIyMjIyMjIyMjIyMjIyMjIyMjIw0KZGF0ZSA+ICRPVVRMT0cgMj4mMQ0KDQplY2hvICIjIyMgVXBkYXRlICYgVXBncmFkZSBTdGFydCAjIyMiID4+JE9VVExPRw0KYXB0LWdldCB1cGRhdGUgPj4gJE9VVExPRyAyPiYxDQphcHQtZ2V0IC15IHVwZ3JhZGUgPj4gJE9VVExPRyAyPiYxDQplY2hvICIjIyMgVXBkYXRlICYgVXBncmFkZSBFbmQgIyMjIiA+PiRPVVRMT0cNCg0KDQplY2hvICIjIyMgbm9kZSBTdGFydCAjIyMiID4+JE9VVExPRw0KYXB0LWdldCAteSBpbnN0YWxsIG5vZGVqcyA+PiRPVVRMT0cgMj4mMQ0KYXB0LWdldCAteSBpbnN0YWxsIG5wbSA+PiRPVVRMT0cgMj4mMQ0KZWNobyAiIyMjIG5vZGUgRW5kICMjIyIgPj4kT1VUTE9HDQoNCmVjaG8gIiMjIyBnaXQgU3RhcnQgIyMjIiA+PiRPVVRMT0cNCmFwdC1nZXQgLXkgaW5zdGFsbCBnaXQgPj4kT1VUTE9HIDI+JjENCmdpdCBjbG9uZSBodHRwczovL2dpdGh1Yi5jb20vSm9iUmFtb3MvZWNvbW1lcmNlX215c3FsLmdpdA0KY2QgZWNvbW1lcmNlX215c3FsLw0KbnBtIGluc3RhbGwgDQoNCiMgbnBtIHJ1biBkZXYNCg0KZWNobyAiIyMjIG5vZGUgRW5kICMjIyIgPj4kT1VUTE9HDQoNCg0KDQplY2hvICIjIyMgTXlTUUwgQ2xpZW50IFN0YXJ0ICMjIyIgPj4kT1VUTE9HDQphcHQgaW5zdGFsbCBnbnVwZyA+PiRPVVRMT0cgMj4mMQ0Kd2dldCBodHRwczovL2Rldi5teXNxbC5jb20vZ2V0L215c3FsLWFwdC1jb25maWdfMC44LjIyLTFfYWxsLmRlYg0KZHBrZyAtaSBteXNxbC1hcHQtY29uZmlnKg0KYXB0LWdldCB1cGRhdGUgPj4gJE9VVExPRyAyPiYxDQoNCmFwdCAteSBpbnN0YWxsIG15c3FsLXNlcnZlcg0KeQ0KDQoNCmVjaG8gIiMjIyBNeVNRTCBDbGllbnQgRW5kICMjIyIgPj4kT1VUTE9HDQoNCiMjIyMjIE90aGVyd2lzZSwgZXhpdCEgIyMjIyMjIyMjIyMjIyMjIyMjIyMjIyMjIyMjIyMjIyMjIyMjIyMjIyMjIyMjIyMjIyMjIyMjIyMjIyMjIyMjIyMjIyMjIyMjIyMjIyMjIyMjIyMjIyMjIyMjIyMjIyMjIyMjIyMjIyMjIyMjIyMjIyMjIyMjIyMjIyMjIyMjIw0KZWxzZQ0KICAgIGVjaG8gIlBsZWFzZSB1c2UgRGViaWFuIEdOVS9MaW51eCAxMCB0byBjcmVhdGUgRUNTLiINCiAgICAgICAgZXhpdCAxOw0KZmkNCiMjIyMjIEVORCBJRiAjIyMjIyMjIyMjIyMjIyMjIyMjIyMjIyMjIyMjIyMjIyMjIyMjIyMjIyMjIyMjIyMjIyMjIyMjIyMjIyMjIyMjIyMjIyMjIyMjIyMjIyMjIyMjIyMjIyMjIyMjIyMjIyMjIyMjIyMjIyMjIyMjIyMjIyMjIyMjIyMjIyMjIyMjIyMjIyMjIyMjIw0KDQonID4gL3Jvb3QvYXV0b19pbnN0YWxsYXRpb25fZWNzX2NsdXN0ZXIuc2gNCg==",
            "volume_attached": [
              {
                "boot_index": 0,
                "pci_address": "0000:02:01.0",
                "size": 40,
                "type": "GPSSD",
                "volume_id": "c9190cd5-9f6b-453f-946f-d638061057ed"
              }
            ]
          },
          "sensitive_attributes": []
        }
      ]
    },
    {
      "module": "module.provision_remote_exec_image",
      "mode": "managed",
      "type": "null_resource",
      "name": "provision",
      "provider": "provider[\"registry.terraform.io/hashicorp/null\"]",
      "instances": [
        {
          "schema_version": 0,
          "attributes": {
            "id": "1997370738",
            "triggers": null
          },
          "sensitive_attributes": [],
          "dependencies": [
            "module.ecs_image.data.huaweicloud_availability_zones.zones",
            "module.ecs_image.data.huaweicloud_compute_flavors.flavors",
            "module.ecs_image.data.huaweicloud_compute_instances.ecs_instances",
            "module.ecs_image.data.huaweicloud_images_image.ecs_image",
            "module.ecs_image.data.huaweicloud_networking_secgroup.securitygroup",
            "module.ecs_image.data.huaweicloud_vpc_subnet.subnet",
            "module.ecs_image.huaweicloud_compute_instance.ecs_generic_instance",
            "module.ecs_image.huaweicloud_compute_keypair.keypair",
            "module.ecs_image.huaweicloud_compute_volume_attach.attached",
            "module.ecs_image.huaweicloud_evs_volume.datadisk",
            "module.ecs_image.huaweicloud_vpc_eip.instance_eip",
            "module.ecs_image.huaweicloud_vpc_eip_associate.associated",
            "module.provision_remote_exec_image.data.huaweicloud_compute_instance.ecs_generic_instance",
            "module.rds_mysql.data.huaweicloud_availability_zones.zones",
            "module.rds_mysql.data.huaweicloud_networking_secgroup.securitygroup",
            "module.rds_mysql.data.huaweicloud_rds_flavors.flavor",
            "module.rds_mysql.data.huaweicloud_vpc.vpc",
            "module.rds_mysql.data.huaweicloud_vpc_subnet.subnet",
            "module.rds_mysql.huaweicloud_rds_instance.single_instance",
            "module.vpc.huaweicloud_networking_secgroup.securitygroup",
            "module.vpc.huaweicloud_networking_secgroup_rule.allow_rules_egress",
            "module.vpc.huaweicloud_networking_secgroup_rule.allow_rules_ingress_elb",
            "module.vpc.huaweicloud_networking_secgroup_rule.allow_rules_ingress_main",
            "module.vpc.huaweicloud_vpc.vpc",
            "module.vpc.huaweicloud_vpc_subnet.subnet"
          ]
        }
      ]
    },
    {
      "module": "module.rds_mysql",
      "mode": "data",
      "type": "huaweicloud_availability_zones",
      "name": "zones",
      "provider": "provider[\"registry.terraform.io/huaweicloud/huaweicloud\"]",
      "instances": [
        {
          "schema_version": 0,
          "attributes": {
            "id": "1504035816",
            "names": [
              "la-north-2a",
              "la-north-2c"
            ],
            "region": "la-north-2",
            "state": "available"
          },
          "sensitive_attributes": []
        }
      ]
    },
    {
      "module": "module.rds_mysql",
      "mode": "data",
      "type": "huaweicloud_networking_secgroup",
      "name": "securitygroup",
      "provider": "provider[\"registry.terraform.io/huaweicloud/huaweicloud\"]",
      "instances": [
        {
          "schema_version": 0,
          "attributes": {
            "created_at": "2023-10-17T20:01:41Z",
            "description": "iaac-production security group",
            "enterprise_project_id": null,
            "id": "0d2ede9f-d0e9-42eb-abf8-6abce9ae2581",
            "name": "iaac-production-sg",
            "region": "la-north-2",
            "rules": [
              {
                "action": "allow",
                "description": "RDP Remotely Login from Internet for Windows",
                "direction": "ingress",
                "ethertype": "IPv4",
                "id": "01dfe054-82e3-453b-878f-52699efef413",
                "port_range_max": 3389,
                "port_range_min": 3389,
                "ports": "3389",
                "priority": 1,
                "protocol": "tcp",
                "remote_address_group_id": "",
                "remote_group_id": "",
                "remote_ip_prefix": "0.0.0.0/0"
              },
              {
                "action": "allow",
                "description": "Access VPC from the VPC CIDR",
                "direction": "ingress",
                "ethertype": "IPv4",
                "id": "3ed7b697-e1c3-4ca1-ba15-45a4e642bbfd",
                "port_range_max": 6379,
                "port_range_min": 6379,
                "ports": "6379",
                "priority": 1,
                "protocol": "tcp",
                "remote_address_group_id": "",
                "remote_group_id": "",
                "remote_ip_prefix": "10.10.0.0/16"
              },
              {
                "action": "allow",
                "description": "DO NOT DELETE. For ELB Health Checking.",
                "direction": "ingress",
                "ethertype": "IPv4",
                "id": "3febfabc-7416-446c-8f76-3def0f7f0617",
                "port_range_max": 0,
                "port_range_min": 0,
                "ports": "",
                "priority": 1,
                "protocol": "",
                "remote_address_group_id": "",
                "remote_group_id": "",
                "remote_ip_prefix": "100.125.0.0/16"
              },
              {
                "action": "allow",
                "description": "Access Webserver HTTPs from Internet",
                "direction": "ingress",
                "ethertype": "IPv4",
                "id": "40e86308-8545-4206-82b2-36534639d3b9",
                "port_range_max": 443,
                "port_range_min": 443,
                "ports": "443",
                "priority": 1,
                "protocol": "tcp",
                "remote_address_group_id": "",
                "remote_group_id": "",
                "remote_ip_prefix": "0.0.0.0/0"
              },
              {
                "action": "allow",
                "description": "",
                "direction": "egress",
                "ethertype": "IPv4",
                "id": "6fd3e51f-87c1-416e-ae8a-a009504301f6",
                "port_range_max": 0,
                "port_range_min": 0,
                "ports": "",
                "priority": 1,
                "protocol": "",
                "remote_address_group_id": "",
                "remote_group_id": "",
                "remote_ip_prefix": "0.0.0.0/0"
              },
              {
                "action": "allow",
                "description": "SSH Remotely Login from Internet for Linux",
                "direction": "ingress",
                "ethertype": "IPv4",
                "id": "8362d971-a4c0-4b2d-a274-cb1b9d28a857",
                "port_range_max": 22,
                "port_range_min": 22,
                "ports": "22",
                "priority": 1,
                "protocol": "tcp",
                "remote_address_group_id": "",
                "remote_group_id": "",
                "remote_ip_prefix": "0.0.0.0/0"
              },
              {
                "action": "allow",
                "description": "Access Webserver HTTP from Internet",
                "direction": "ingress",
                "ethertype": "IPv4",
                "id": "89bd3c09-100e-41c3-84f3-5cc9d26831a5",
                "port_range_max": 80,
                "port_range_min": 80,
                "ports": "80",
                "priority": 1,
                "protocol": "tcp",
                "remote_address_group_id": "",
                "remote_group_id": "",
                "remote_ip_prefix": "0.0.0.0/0"
              },
              {
                "action": "allow",
                "description": "Access RDS from the VPC CIDR",
                "direction": "ingress",
                "ethertype": "IPv4",
                "id": "c0e55eed-1794-4944-bb9e-68bbb3750c32",
                "port_range_max": 3306,
                "port_range_min": 3306,
                "ports": "3306",
                "priority": 1,
                "protocol": "tcp",
                "remote_address_group_id": "",
                "remote_group_id": "",
                "remote_ip_prefix": "10.10.0.0/16"
              },
              {
                "action": "allow",
                "description": "Access node webpage from Internet",
                "direction": "ingress",
                "ethertype": "IPv4",
                "id": "d0fa0d1d-43ce-4f65-a4e3-802f69d5c1b5",
                "port_range_max": 3000,
                "port_range_min": 3000,
                "ports": "3000",
                "priority": 1,
                "protocol": "tcp",
                "remote_address_group_id": "",
                "remote_group_id": "",
                "remote_ip_prefix": "0.0.0.0/0"
              }
            ],
            "secgroup_id": null,
            "updated_at": "2023-10-17T20:01:41Z"
          },
          "sensitive_attributes": []
        }
      ]
    },
    {
      "module": "module.rds_mysql",
      "mode": "data",
      "type": "huaweicloud_rds_flavors",
      "name": "flavor",
      "provider": "provider[\"registry.terraform.io/huaweicloud/huaweicloud\"]",
      "instances": [
        {
          "schema_version": 0,
          "attributes": {
            "availability_zone": null,
            "db_type": "MySQL",
            "db_version": "8.0",
            "flavors": [
              {
                "availability_zones": [
                  "la-north-2a",
                  "la-north-2c"
                ],
                "db_versions": [
                  "8.0"
                ],
                "group_type": "general",
                "id": "0861c9c2-8c05-3ba4-b379-e36ed0d74d98",
                "instance_mode": "single",
                "memory": 8,
                "mode": "single",
                "name": "rds.mysql.n1.large.4",
                "vcpus": 2
              }
            ],
            "group_type": "general",
            "id": "400849276",
            "instance_mode": "single",
            "memory": 8,
            "region": null,
            "vcpus": 2
          },
          "sensitive_attributes": []
        }
      ]
    },
    {
      "module": "module.rds_mysql",
      "mode": "data",
      "type": "huaweicloud_vpc",
      "name": "vpc",
      "provider": "provider[\"registry.terraform.io/huaweicloud/huaweicloud\"]",
      "instances": [
        {
          "schema_version": 0,
          "attributes": {
            "cidr": "10.10.0.0/16",
            "description": "",
            "enterprise_project_id": "0",
            "id": "65b8a33d-57a3-4e2d-ac0c-8a55c3f1f867",
            "name": "vpc_iaac",
            "region": "la-north-2",
            "routes": [],
            "status": "OK",
            "tags": {}
          },
          "sensitive_attributes": []
        }
      ]
    },
    {
      "module": "module.rds_mysql",
      "mode": "data",
      "type": "huaweicloud_vpc_subnet",
      "name": "subnet",
      "provider": "provider[\"registry.terraform.io/huaweicloud/huaweicloud\"]",
      "instances": [
        {
          "schema_version": 0,
          "attributes": {
            "availability_zone": "",
            "cidr": "10.10.1.0/24",
            "description": "",
            "dhcp_enable": true,
            "dns_list": [
              "100.125.1.242",
              "100.125.1.250"
            ],
            "gateway_ip": "10.10.1.1",
            "id": "22af6b9e-d00a-47f6-bbe9-8db7a8ab66f5",
            "ipv6_cidr": "",
            "ipv6_enable": false,
            "ipv6_gateway": "",
            "ipv6_subnet_id": "",
            "name": "subnet_iaac",
            "primary_dns": "100.125.1.250",
            "region": "la-north-2",
            "secondary_dns": "100.125.1.242",
            "status": "ACTIVE",
            "subnet_id": "60d03e64-77d4-4d30-a258-7fb5e95a3beb",
            "vpc_id": "65b8a33d-57a3-4e2d-ac0c-8a55c3f1f867"
          },
          "sensitive_attributes": []
        }
      ]
    },
    {
      "module": "module.rds_mysql",
      "mode": "managed",
      "type": "huaweicloud_rds_instance",
      "name": "single_instance",
      "provider": "provider[\"registry.terraform.io/huaweicloud/huaweicloud\"]",
      "instances": [
        {
          "schema_version": 0,
          "attributes": {
            "auto_pay": null,
            "auto_renew": null,
            "availability_zone": [
              "la-north-2a"
            ],
            "backup_strategy": [
              {
                "keep_days": 180,
                "start_time": "05:15-06:15"
              }
            ],
            "charging_mode": "postPaid",
            "created": "2023-10-17T20:07:23+0000",
            "db": [
              {
                "password": "Huawei123+",
                "port": 3306,
                "type": "MySQL",
                "user_name": "root",
                "version": "8.0"
              }
            ],
            "enterprise_project_id": "0",
            "fixed_ip": "10.10.1.158",
            "flavor": "rds.mysql.n1.large.4",
            "ha_replication_mode": "",
            "id": "64aa1ec59f374745963661b3b989edb2in01",
            "name": "iaac-production-rds",
            "nodes": [
              {
                "availability_zone": "la-north-2a",
                "id": "0b33f5214e904c829248cd45af1a3b7ano01",
                "name": "iaac-production-rds_node0",
                "role": "master",
                "status": "ACTIVE"
              }
            ],
            "param_group_id": null,
            "period": null,
            "period_unit": null,
            "private_ips": [
              "10.10.1.158"
            ],
            "public_ips": [],
            "region": "la-north-2",
            "security_group_id": "0d2ede9f-d0e9-42eb-abf8-6abce9ae2581",
            "ssl_enable": null,
            "status": "ACTIVE",
            "subnet_id": "22af6b9e-d00a-47f6-bbe9-8db7a8ab66f5",
            "tags": null,
            "time_zone": "UTC",
            "timeouts": null,
            "volume": [
              {
                "disk_encryption_id": "",
                "size": 100,
                "type": "CLOUDSSD"
              }
            ],
            "vpc_id": "65b8a33d-57a3-4e2d-ac0c-8a55c3f1f867"
          },
          "sensitive_attributes": [],
          "private": "eyJlMmJmYjczMC1lY2FhLTExZTYtOGY4OC0zNDM2M2JjN2M0YzAiOnsiY3JlYXRlIjoxODAwMDAwMDAwMDAwLCJkZWZhdWx0Ijo5MDAwMDAwMDAwMDAsImRlbGV0ZSI6MTgwMDAwMDAwMDAwMCwicmVhZCI6OTAwMDAwMDAwMDAwLCJ1cGRhdGUiOjE4MDAwMDAwMDAwMDB9fQ==",
          "dependencies": [
            "module.rds_mysql.data.huaweicloud_networking_secgroup.securitygroup",
            "module.rds_mysql.data.huaweicloud_rds_flavors.flavor",
            "module.rds_mysql.data.huaweicloud_vpc.vpc",
            "module.rds_mysql.data.huaweicloud_vpc_subnet.subnet",
            "module.vpc.huaweicloud_networking_secgroup.securitygroup",
            "module.vpc.huaweicloud_networking_secgroup_rule.allow_rules_egress",
            "module.vpc.huaweicloud_networking_secgroup_rule.allow_rules_ingress_elb",
            "module.vpc.huaweicloud_networking_secgroup_rule.allow_rules_ingress_main",
            "module.vpc.huaweicloud_vpc.vpc",
            "module.vpc.huaweicloud_vpc_subnet.subnet"
          ]
        }
      ]
    },
    {
      "module": "module.vpc",
      "mode": "managed",
      "type": "huaweicloud_networking_secgroup",
      "name": "securitygroup",
      "provider": "provider[\"registry.terraform.io/huaweicloud/huaweicloud\"]",
      "instances": [
        {
          "schema_version": 0,
          "attributes": {
            "created_at": "2023-10-17T20:01:41Z",
            "delete_default_rules": true,
            "description": "iaac-production security group",
            "enterprise_project_id": "0",
            "id": "0d2ede9f-d0e9-42eb-abf8-6abce9ae2581",
            "name": "iaac-production-sg",
            "region": "la-north-2",
            "rules": [],
            "timeouts": null,
            "updated_at": "2023-10-17T20:01:41Z"
          },
          "sensitive_attributes": [],
          "private": "eyJlMmJmYjczMC1lY2FhLTExZTYtOGY4OC0zNDM2M2JjN2M0YzAiOnsiZGVsZXRlIjo2MDAwMDAwMDAwMDB9fQ=="
        }
      ]
    },
    {
      "module": "module.vpc",
      "mode": "managed",
      "type": "huaweicloud_networking_secgroup_rule",
      "name": "allow_rules_egress",
      "provider": "provider[\"registry.terraform.io/huaweicloud/huaweicloud\"]",
      "instances": [
        {
          "schema_version": 0,
          "attributes": {
            "action": "allow",
            "description": "",
            "direction": "egress",
            "ethertype": "IPv4",
            "id": "6fd3e51f-87c1-416e-ae8a-a009504301f6",
            "port_range_max": 0,
            "port_range_min": 0,
            "ports": "",
            "priority": 1,
            "protocol": "",
            "region": "la-north-2",
            "remote_address_group_id": "",
            "remote_group_id": "",
            "remote_ip_prefix": "0.0.0.0/0",
            "security_group_id": "0d2ede9f-d0e9-42eb-abf8-6abce9ae2581",
            "timeouts": null
          },
          "sensitive_attributes": [],
          "private": "eyJlMmJmYjczMC1lY2FhLTExZTYtOGY4OC0zNDM2M2JjN2M0YzAiOnsiZGVsZXRlIjo2MDAwMDAwMDAwMDB9fQ==",
          "dependencies": [
            "module.vpc.huaweicloud_networking_secgroup.securitygroup"
          ]
        }
      ]
    },
    {
      "module": "module.vpc",
      "mode": "managed",
      "type": "huaweicloud_networking_secgroup_rule",
      "name": "allow_rules_ingress_elb",
      "provider": "provider[\"registry.terraform.io/huaweicloud/huaweicloud\"]",
      "instances": [
        {
          "schema_version": 0,
          "attributes": {
            "action": "allow",
            "description": "DO NOT DELETE. For ELB Health Checking.",
            "direction": "ingress",
            "ethertype": "IPv4",
            "id": "3febfabc-7416-446c-8f76-3def0f7f0617",
            "port_range_max": 0,
            "port_range_min": 0,
            "ports": "",
            "priority": 1,
            "protocol": "",
            "region": "la-north-2",
            "remote_address_group_id": "",
            "remote_group_id": "",
            "remote_ip_prefix": "100.125.0.0/16",
            "security_group_id": "0d2ede9f-d0e9-42eb-abf8-6abce9ae2581",
            "timeouts": null
          },
          "sensitive_attributes": [],
          "private": "eyJlMmJmYjczMC1lY2FhLTExZTYtOGY4OC0zNDM2M2JjN2M0YzAiOnsiZGVsZXRlIjo2MDAwMDAwMDAwMDB9fQ==",
          "dependencies": [
            "module.vpc.huaweicloud_networking_secgroup.securitygroup"
          ]
        }
      ]
    },
    {
      "module": "module.vpc",
      "mode": "managed",
      "type": "huaweicloud_networking_secgroup_rule",
      "name": "allow_rules_ingress_main",
      "provider": "provider[\"registry.terraform.io/huaweicloud/huaweicloud\"]",
      "instances": [
        {
          "index_key": "rule1",
          "schema_version": 0,
          "attributes": {
            "action": "allow",
            "description": "SSH Remotely Login from Internet for Linux",
            "direction": "ingress",
            "ethertype": "IPv4",
            "id": "8362d971-a4c0-4b2d-a274-cb1b9d28a857",
            "port_range_max": 22,
            "port_range_min": 22,
            "ports": "22",
            "priority": 1,
            "protocol": "tcp",
            "region": "la-north-2",
            "remote_address_group_id": "",
            "remote_group_id": "",
            "remote_ip_prefix": "0.0.0.0/0",
            "security_group_id": "0d2ede9f-d0e9-42eb-abf8-6abce9ae2581",
            "timeouts": null
          },
          "sensitive_attributes": [],
          "private": "eyJlMmJmYjczMC1lY2FhLTExZTYtOGY4OC0zNDM2M2JjN2M0YzAiOnsiZGVsZXRlIjo2MDAwMDAwMDAwMDB9fQ==",
          "dependencies": [
            "module.vpc.huaweicloud_networking_secgroup.securitygroup"
          ]
        },
        {
          "index_key": "rule2",
          "schema_version": 0,
          "attributes": {
            "action": "allow",
            "description": "RDP Remotely Login from Internet for Windows",
            "direction": "ingress",
            "ethertype": "IPv4",
            "id": "01dfe054-82e3-453b-878f-52699efef413",
            "port_range_max": 3389,
            "port_range_min": 3389,
            "ports": "3389",
            "priority": 1,
            "protocol": "tcp",
            "region": "la-north-2",
            "remote_address_group_id": "",
            "remote_group_id": "",
            "remote_ip_prefix": "0.0.0.0/0",
            "security_group_id": "0d2ede9f-d0e9-42eb-abf8-6abce9ae2581",
            "timeouts": null
          },
          "sensitive_attributes": [],
          "private": "eyJlMmJmYjczMC1lY2FhLTExZTYtOGY4OC0zNDM2M2JjN2M0YzAiOnsiZGVsZXRlIjo2MDAwMDAwMDAwMDB9fQ==",
          "dependencies": [
            "module.vpc.huaweicloud_networking_secgroup.securitygroup"
          ]
        },
        {
          "index_key": "rule3",
          "schema_version": 0,
          "attributes": {
            "action": "allow",
            "description": "Access Webserver HTTP from Internet",
            "direction": "ingress",
            "ethertype": "IPv4",
            "id": "89bd3c09-100e-41c3-84f3-5cc9d26831a5",
            "port_range_max": 80,
            "port_range_min": 80,
            "ports": "80",
            "priority": 1,
            "protocol": "tcp",
            "region": "la-north-2",
            "remote_address_group_id": "",
            "remote_group_id": "",
            "remote_ip_prefix": "0.0.0.0/0",
            "security_group_id": "0d2ede9f-d0e9-42eb-abf8-6abce9ae2581",
            "timeouts": null
          },
          "sensitive_attributes": [],
          "private": "eyJlMmJmYjczMC1lY2FhLTExZTYtOGY4OC0zNDM2M2JjN2M0YzAiOnsiZGVsZXRlIjo2MDAwMDAwMDAwMDB9fQ==",
          "dependencies": [
            "module.vpc.huaweicloud_networking_secgroup.securitygroup"
          ]
        },
        {
          "index_key": "rule4",
          "schema_version": 0,
          "attributes": {
            "action": "allow",
            "description": "Access Webserver HTTPs from Internet",
            "direction": "ingress",
            "ethertype": "IPv4",
            "id": "40e86308-8545-4206-82b2-36534639d3b9",
            "port_range_max": 443,
            "port_range_min": 443,
            "ports": "443",
            "priority": 1,
            "protocol": "tcp",
            "region": "la-north-2",
            "remote_address_group_id": "",
            "remote_group_id": "",
            "remote_ip_prefix": "0.0.0.0/0",
            "security_group_id": "0d2ede9f-d0e9-42eb-abf8-6abce9ae2581",
            "timeouts": null
          },
          "sensitive_attributes": [],
          "private": "eyJlMmJmYjczMC1lY2FhLTExZTYtOGY4OC0zNDM2M2JjN2M0YzAiOnsiZGVsZXRlIjo2MDAwMDAwMDAwMDB9fQ==",
          "dependencies": [
            "module.vpc.huaweicloud_networking_secgroup.securitygroup"
          ]
        },
        {
          "index_key": "rule5",
          "schema_version": 0,
          "attributes": {
            "action": "allow",
            "description": "Access RDS from the VPC CIDR",
            "direction": "ingress",
            "ethertype": "IPv4",
            "id": "c0e55eed-1794-4944-bb9e-68bbb3750c32",
            "port_range_max": 3306,
            "port_range_min": 3306,
            "ports": "3306",
            "priority": 1,
            "protocol": "tcp",
            "region": "la-north-2",
            "remote_address_group_id": "",
            "remote_group_id": "",
            "remote_ip_prefix": "10.10.0.0/16",
            "security_group_id": "0d2ede9f-d0e9-42eb-abf8-6abce9ae2581",
            "timeouts": null
          },
          "sensitive_attributes": [],
          "private": "eyJlMmJmYjczMC1lY2FhLTExZTYtOGY4OC0zNDM2M2JjN2M0YzAiOnsiZGVsZXRlIjo2MDAwMDAwMDAwMDB9fQ==",
          "dependencies": [
            "module.vpc.huaweicloud_networking_secgroup.securitygroup"
          ]
        },
        {
          "index_key": "rule6",
          "schema_version": 0,
          "attributes": {
            "action": "allow",
            "description": "Access VPC from the VPC CIDR",
            "direction": "ingress",
            "ethertype": "IPv4",
            "id": "3ed7b697-e1c3-4ca1-ba15-45a4e642bbfd",
            "port_range_max": 6379,
            "port_range_min": 6379,
            "ports": "6379",
            "priority": 1,
            "protocol": "tcp",
            "region": "la-north-2",
            "remote_address_group_id": "",
            "remote_group_id": "",
            "remote_ip_prefix": "10.10.0.0/16",
            "security_group_id": "0d2ede9f-d0e9-42eb-abf8-6abce9ae2581",
            "timeouts": null
          },
          "sensitive_attributes": [],
          "private": "eyJlMmJmYjczMC1lY2FhLTExZTYtOGY4OC0zNDM2M2JjN2M0YzAiOnsiZGVsZXRlIjo2MDAwMDAwMDAwMDB9fQ==",
          "dependencies": [
            "module.vpc.huaweicloud_networking_secgroup.securitygroup"
          ]
        },
        {
          "index_key": "rule7",
          "schema_version": 0,
          "attributes": {
            "action": "allow",
            "description": "Access node webpage from Internet",
            "direction": "ingress",
            "ethertype": "IPv4",
            "id": "d0fa0d1d-43ce-4f65-a4e3-802f69d5c1b5",
            "port_range_max": 3000,
            "port_range_min": 3000,
            "ports": "3000",
            "priority": 1,
            "protocol": "tcp",
            "region": "la-north-2",
            "remote_address_group_id": "",
            "remote_group_id": "",
            "remote_ip_prefix": "0.0.0.0/0",
            "security_group_id": "0d2ede9f-d0e9-42eb-abf8-6abce9ae2581",
            "timeouts": null
          },
          "sensitive_attributes": [],
          "private": "eyJlMmJmYjczMC1lY2FhLTExZTYtOGY4OC0zNDM2M2JjN2M0YzAiOnsiZGVsZXRlIjo2MDAwMDAwMDAwMDB9fQ==",
          "dependencies": [
            "module.vpc.huaweicloud_networking_secgroup.securitygroup"
          ]
        }
      ]
    },
    {
      "module": "module.vpc",
      "mode": "managed",
      "type": "huaweicloud_vpc",
      "name": "vpc",
      "provider": "provider[\"registry.terraform.io/huaweicloud/huaweicloud\"]",
      "instances": [
        {
          "schema_version": 0,
          "attributes": {
            "cidr": "10.10.0.0/16",
            "description": "",
            "enterprise_project_id": "0",
            "id": "65b8a33d-57a3-4e2d-ac0c-8a55c3f1f867",
            "name": "vpc_iaac",
            "region": "la-north-2",
            "routes": [],
            "secondary_cidr": null,
            "status": "OK",
            "tags": null,
            "timeouts": null
          },
          "sensitive_attributes": [],
          "private": "eyJlMmJmYjczMC1lY2FhLTExZTYtOGY4OC0zNDM2M2JjN2M0YzAiOnsiY3JlYXRlIjo2MDAwMDAwMDAwMDAsImRlbGV0ZSI6MTgwMDAwMDAwMDAwfX0="
        }
      ]
    },
    {
      "module": "module.vpc",
      "mode": "managed",
      "type": "huaweicloud_vpc_subnet",
      "name": "subnet",
      "provider": "provider[\"registry.terraform.io/huaweicloud/huaweicloud\"]",
      "instances": [
        {
          "schema_version": 0,
          "attributes": {
            "availability_zone": "",
            "cidr": "10.10.1.0/24",
            "description": "",
            "dhcp_enable": true,
            "dns_list": [
              "100.125.1.250",
              "100.125.1.242"
            ],
            "gateway_ip": "10.10.1.1",
            "id": "22af6b9e-d00a-47f6-bbe9-8db7a8ab66f5",
            "ipv6_cidr": "",
            "ipv6_enable": false,
            "ipv6_gateway": "",
            "ipv6_subnet_id": "",
            "name": "subnet_iaac",
            "primary_dns": "100.125.1.250",
            "region": "la-north-2",
            "secondary_dns": "100.125.1.242",
            "subnet_id": "60d03e64-77d4-4d30-a258-7fb5e95a3beb",
            "tags": null,
            "timeouts": null,
            "vpc_id": "65b8a33d-57a3-4e2d-ac0c-8a55c3f1f867"
          },
          "sensitive_attributes": [],
          "private": "eyJlMmJmYjczMC1lY2FhLTExZTYtOGY4OC0zNDM2M2JjN2M0YzAiOnsiY3JlYXRlIjozMDAwMDAwMDAwMDAsImRlbGV0ZSI6MzAwMDAwMDAwMDAwfX0=",
          "dependencies": [
            "module.vpc.huaweicloud_vpc.vpc"
          ]
        }
      ]
    }
  ],
  "check_results": null
}
